<?xml version="1.0" encoding="utf-8"?>
<Project ToolsVersion="15.0" xmlns="http://schemas.microsoft.com/developer/msbuild/2003">
  <ItemGroup>
    <Filter Include="Common">
      <UniqueIdentifier>5de0fa47-6a23-487b-acfb-d8834d1d2409</UniqueIdentifier>
    </Filter>
    <Filter Include="Assets">
      <UniqueIdentifier>02e0cd19-5f68-4c30-ab61-f434dc02c7c3</UniqueIdentifier>
      <Extensions>bmp;fbx;gif;jpg;jpeg;tga;tiff;tif;png</Extensions>
    </Filter>
    <Filter Include="Assets\pygame">
      <UniqueIdentifier>{5bf6dc59-3ce5-4a1a-98dc-72d790061333}</UniqueIdentifier>
    </Filter>
    <Filter Include="Assets\pygame\data">
      <UniqueIdentifier>{bc0ab932-7fc6-479a-92de-ffceb25b1487}</UniqueIdentifier>
    </Filter>
  </ItemGroup>
  <ItemGroup>
    <Image Include="Assets\LockScreenLogo.scale-200.png">
      <Filter>Assets</Filter>
    </Image>
    <Image Include="Assets\SplashScreen.scale-200.png">
      <Filter>Assets</Filter>
    </Image>
    <Image Include="Assets\Square150x150Logo.scale-200.png">
      <Filter>Assets</Filter>
    </Image>
    <Image Include="Assets\Square44x44Logo.scale-200.png">
      <Filter>Assets</Filter>
    </Image>
    <Image Include="Assets\Square44x44Logo.targetsize-24_altform-unplated.png">
      <Filter>Assets</Filter>
    </Image>
    <Image Include="Assets\StoreLogo.png">
      <Filter>Assets</Filter>
    </Image>
    <Image Include="Assets\Wide310x150Logo.scale-200.png">
      <Filter>Assets</Filter>
    </Image>
    <Image Include="Assets\pygame\data\alien1.gif">
      <Filter>Assets\pygame\data</Filter>
    </Image>
    <Image Include="Assets\pygame\data\alien1.jpg">
      <Filter>Assets\pygame\data</Filter>
    </Image>
    <Image Include="Assets\pygame\data\alien1.png">
      <Filter>Assets\pygame\data</Filter>
    </Image>
    <Image Include="Assets\pygame\data\alien2.gif">
      <Filter>Assets\pygame\data</Filter>
    </Image>
    <Image Include="Assets\pygame\data\alien2.png">
      <Filter>Assets\pygame\data</Filter>
    </Image>
    <Image Include="Assets\pygame\data\alien3.gif">
      <Filter>Assets\pygame\data</Filter>
    </Image>
    <Image Include="Assets\pygame\data\alien3.png">
      <Filter>Assets\pygame\data</Filter>
    </Image>
    <Image Include="Assets\pygame\data\arraydemo.bmp">
      <Filter>Assets\pygame\data</Filter>
    </Image>
    <Image Include="Assets\pygame\data\asprite.bmp">
      <Filter>Assets\pygame\data</Filter>
    </Image>
    <Image Include="Assets\pygame\data\background.gif">
      <Filter>Assets\pygame\data</Filter>
    </Image>
    <Image Include="Assets\pygame\data\BGR.png">
      <Filter>Assets\pygame\data</Filter>
    </Image>
    <Image Include="Assets\pygame\data\bomb.gif">
      <Filter>Assets\pygame\data</Filter>
    </Image>
    <Image Include="Assets\pygame\data\brick.png">
      <Filter>Assets\pygame\data</Filter>
    </Image>
    <Image Include="Assets\pygame\data\chimp.bmp">
      <Filter>Assets\pygame\data</Filter>
    </Image>
    <Image Include="Assets\pygame\data\city.png">
      <Filter>Assets\pygame\data</Filter>
    </Image>
    <Image Include="Assets\pygame\data\danger.gif">
      <Filter>Assets\pygame\data</Filter>
    </Image>
    <Image Include="Assets\pygame\data\explosion1.gif">
      <Filter>Assets\pygame\data</Filter>
    </Image>
    <Image Include="Assets\pygame\data\fist.bmp">
      <Filter>Assets\pygame\data</Filter>
    </Image>
    <Image Include="Assets\pygame\data\laplacian.png">
      <Filter>Assets\pygame\data</Filter>
    </Image>
    <Image Include="Assets\pygame\data\liquid.bmp">
      <Filter>Assets\pygame\data</Filter>
    </Image>
    <Image Include="Assets\pygame\data\midikeys.png">
      <Filter>Assets\pygame\data</Filter>
    </Image>
    <Image Include="Assets\pygame\data\oldplayer.gif">
      <Filter>Assets\pygame\data</Filter>
    </Image>
    <Image Include="Assets\pygame\data\player1.gif">
      <Filter>Assets\pygame\data</Filter>
    </Image>
    <Image Include="Assets\pygame\data\shot.gif">
      <Filter>Assets\pygame\data</Filter>
    </Image>
    <Image Include="Assets\pygame\data\static.png">
      <Filter>Assets\pygame\data</Filter>
    </Image>
  </ItemGroup>
  <ItemGroup>
    <AppxManifest Include="Package.appxmanifest" />
  </ItemGroup>
  <ItemGroup>
    <ClCompile Include="main.cpp" />
    <ClCompile Include="..\Libraries\SDL2\SDL\src\main\winrt\SDL_winrt_main_NonXAML.cpp" />
  </ItemGroup>
  <ItemGroup>
    <None Include="..\Libraries\SDL2\SDL\src\main\winrt\SDL2-WinRTResource_BlankCursor.cur" />
    <None Include="..\python34app\python34app.zip" />
    <None Include="Assets\pygame\data\blue.mpg">
      <Filter>Assets\pygame\data</Filter>
    </None>
    <None Include="Assets\pygame\data\house_lo.ogg">
      <Filter>Assets\pygame\data</Filter>
    </None>
    <None Include="Assets\pygame\data\yuv_1.pgm">
      <Filter>Assets\pygame\data</Filter>
    </None>
    <None Include="Assets\pygame\aliens.py">
      <Filter>Assets\pygame</Filter>
    </None>
    <None Include="Assets\pygame\liquid.py">
      <Filter>Assets\pygame</Filter>
    </None>
  </ItemGroup>
  <ItemGroup>
    <ResourceCompile Include="..\Libraries\SDL2\SDL\src\main\winrt\SDL2-WinRTResources.rc" />
  </ItemGroup>
  <ItemGroup>
    <Media Include="Assets\pygame\data\boom.wav">
      <Filter>Assets\pygame\data</Filter>
    </Media>
    <Media Include="Assets\pygame\data\car_door.wav">
      <Filter>Assets\pygame\data</Filter>
    </Media>
    <Media Include="Assets\pygame\data\house_lo.mp3">
      <Filter>Assets\pygame\data</Filter>
    </Media>
    <Media Include="Assets\pygame\data\house_lo.wav">
      <Filter>Assets\pygame\data</Filter>
    </Media>
    <Media Include="Assets\pygame\data\punch.wav">
      <Filter>Assets\pygame\data</Filter>
    </Media>
    <Media Include="Assets\pygame\data\secosmic_lo.wav">
      <Filter>Assets\pygame\data</Filter>
    </Media>
    <Media Include="Assets\pygame\data\whiff.wav">
      <Filter>Assets\pygame\data</Filter>
    </Media>
  </ItemGroup>
  <ItemGroup>
    <Font Include="Assets\pygame\data\sans.ttf">
      <Filter>Assets\pygame\data</Filter>
    </Font>
    <Font Include="Assets\pygame\freesansbold.ttf">
      <Filter>Assets\pygame</Filter>
    </Font>
  </ItemGroup>
</Project>