
Microsoft Visual Studio Solution File, Format Version 12.00
# Visual Studio Version 16
VisualStudioVersion = 16.0.30621.155
MinimumVisualStudioVersion = 10.0.40219.1
Project("{8BC9CEB8-8B4A-11D0-8D11-00A0C91BC942}") = "Python34app", "python34app\python34app.vcxproj", "{8AC701D7-F07A-442A-9CDA-EC412F4D9307}"
	ProjectSection(ProjectDependencies) = postProject
		{17CBD60F-E890-4473-940B-5ABFB2190192} = {17CBD60F-E890-4473-940B-5ABFB2190192}
	EndProjectSection
EndProject
Project("{8BC9CEB8-8B4A-11D0-8D11-00A0C91BC942}") = "Python34", "python34\python34.vcxproj", "{17CBD60F-E890-4473-940B-5ABFB2190192}"
EndProject
Project("{2150E333-8FDC-42A3-9474-1A3956D46DE8}") = "CPython", "CPython", "{9BE3A875-6F37-4A5B-A13B-6E1201E82103}"
EndProject
Project("{2150E333-8FDC-42A3-9474-1A3956D46DE8}") = "Interpreter", "Interpreter", "{81EBD6F4-C986-43D8-874A-C1BBBC2224F4}"
EndProject
Project("{2150E333-8FDC-42A3-9474-1A3956D46DE8}") = "Experiments", "Experiments", "{BA0F8A48-712A-44A5-8FDB-06E2E8F5A8DE}"
EndProject
Project("{2150E333-8FDC-42A3-9474-1A3956D46DE8}") = "Pygame", "Pygame", "{EC34C39F-7EF4-4A1E-A7A7-80524C5F7352}"
EndProject
Project("{8BC9CEB8-8B4A-11D0-8D11-00A0C91BC942}") = "EmbeddedPygame", "EmbeddedPygame\EmbeddedPygame.vcxproj", "{5DE0FA47-6A23-487B-ACFB-D8834D1D2409}"
EndProject
Project("{2150E333-8FDC-42A3-9474-1A3956D46DE8}") = "Implementation", "Implementation", "{BEF09F9B-3542-4570-A12D-F5B38B508B76}"
EndProject
Project("{2150E333-8FDC-42A3-9474-1A3956D46DE8}") = "Libraries", "Libraries", "{4B458F04-9F97-4FB8-BA03-61D16AE0ED4B}"
EndProject
Project("{2150E333-8FDC-42A3-9474-1A3956D46DE8}") = "SDL2", "SDL2", "{FAE28B96-9696-4B74-90B6-40B152C8CDCC}"
EndProject
Project("{2150E333-8FDC-42A3-9474-1A3956D46DE8}") = "Pygame", "Pygame", "{EE1D1D16-0D82-46F2-8705-CA7F7FA847B0}"
EndProject
Project("{8BC9CEB8-8B4A-11D0-8D11-00A0C91BC942}") = "SDL2-UWP", "Libraries\SDL2\SDL\VisualC-WinRT\UWP_VS2015\SDL-UWP.vcxproj", "{89E9B32E-A86A-47C3-A948-D2B1622925CE}"
EndProject
Project("{8BC9CEB8-8B4A-11D0-8D11-00A0C91BC942}") = "SDL_gfx-UWP", "Libraries\SDL2\SDL2_gfx\VisualC-WinRT\UWP_VS2015\SDL_gfx-UWP\SDL_gfx-UWP.vcxproj", "{341226AF-8FFF-401F-9002-63CBA6132BEA}"
EndProject
Project("{8BC9CEB8-8B4A-11D0-8D11-00A0C91BC942}") = "SDL2_image-WinRT81", "Libraries\SDL2\SDL2_image\VisualC-WinRT\UWP_VS2015\SDL_image-WinRT81.vcxproj", "{29B4D11F-59F3-4EBC-A769-3BABD140DB9A}"
EndProject
Project("{2150E333-8FDC-42A3-9474-1A3956D46DE8}") = "Dependencies", "Dependencies", "{76436A44-C83D-4E1C-8F8A-2A923D3A272E}"
EndProject
Project("{2150E333-8FDC-42A3-9474-1A3956D46DE8}") = "Image", "Image", "{DAA94C42-E373-4715-A025-C9636ACCDE59}"
EndProject
Project("{8BC9CEB8-8B4A-11D0-8D11-00A0C91BC942}") = "jpeg-WinRT81", "Libraries\SDL2\SDL2_image\VisualC-WinRT\UWP_VS2015\jpeg-WinRT81.vcxproj", "{2E908AD5-95E9-4B2D-BD6E-BA3EA4C1A2EE}"
EndProject
Project("{8BC9CEB8-8B4A-11D0-8D11-00A0C91BC942}") = "libpng-WinRT81", "Libraries\SDL2\SDL2_image\VisualC-WinRT\UWP_VS2015\libpng-WinRT81.vcxproj", "{5FBDC49A-7939-40F9-B78E-975F190ADBD3}"
EndProject
Project("{8BC9CEB8-8B4A-11D0-8D11-00A0C91BC942}") = "libwebp-WinRT81", "Libraries\SDL2\SDL2_image\VisualC-WinRT\UWP_VS2015\libwebp-WinRT81.vcxproj", "{1EB035A3-815A-4382-90D3-4510AB605AD9}"
EndProject
Project("{8BC9CEB8-8B4A-11D0-8D11-00A0C91BC942}") = "zlib-WinRT81", "Libraries\SDL2\SDL2_image\VisualC-WinRT\UWP_VS2015\zlib-WinRT81.vcxproj", "{ACEA4101-6F4A-44ED-9EC1-289821DAC711}"
EndProject
Project("{8BC9CEB8-8B4A-11D0-8D11-00A0C91BC942}") = "SDL2_mixer-UWP", "Libraries\SDL2\SDL2_mixer\VisualC-WinRT\UWP_VS2015\SDL_mixer-UWP.vcxproj", "{18665277-E558-4484-93F4-E4DC7BB614CB}"
EndProject
Project("{2150E333-8FDC-42A3-9474-1A3956D46DE8}") = "Mixer", "Mixer", "{A1AEC515-A1F7-41F5-8B41-BBD551C6FBEB}"
EndProject
Project("{8BC9CEB8-8B4A-11D0-8D11-00A0C91BC942}") = "libogg_dynamic-UWP", "Libraries\SDL2\SDL2_mixer\VisualC-WinRT\UWP_VS2015\libogg_dynamic-UWP.vcxproj", "{B14F8B7F-C9FF-4FD3-B328-7C68AB801E85}"
EndProject
Project("{8BC9CEB8-8B4A-11D0-8D11-00A0C91BC942}") = "libvorbis_dynamic-UWP", "Libraries\SDL2\SDL2_mixer\VisualC-WinRT\UWP_VS2015\libvorbis_dynamic-UWP.vcxproj", "{6B6C1F59-6A82-4097-8907-04DF5C95D014}"
EndProject
Project("{8BC9CEB8-8B4A-11D0-8D11-00A0C91BC942}") = "libvorbisfile_dynamic-UWP", "Libraries\SDL2\SDL2_mixer\VisualC-WinRT\UWP_VS2015\libvorbisfile_dynamic-UWP.vcxproj", "{70EF3B8F-6AAF-401B-9818-3371E950E73C}"
EndProject
Project("{8BC9CEB8-8B4A-11D0-8D11-00A0C91BC942}") = "SDL_net-UWP", "Libraries\SDL2\SDL2_net\VisualC-WinRT\UWP_VS2015\SDL_net-UWP\SDL_net-UWP.vcxproj", "{3B8321DF-B538-4009-A4A2-D76AB4E7E8F1}"
EndProject
Project("{8BC9CEB8-8B4A-11D0-8D11-00A0C91BC942}") = "SDL2_ttf-WinRT81", "Libraries\SDL2\SDL2_ttf\VisualC-WinRT\UWP_VS2015\SDL_ttf-WinRT81.vcxproj", "{90CA40DC-84B4-4D06-91D1-DC82A7A1E4D0}"
EndProject
Project("{2150E333-8FDC-42A3-9474-1A3956D46DE8}") = "TTF", "TTF", "{20455994-D4CA-46D6-8D75-BA3ECEE192CB}"
EndProject
Project("{8BC9CEB8-8B4A-11D0-8D11-00A0C91BC942}") = "freetype-WinRT81", "Libraries\SDL2\SDL2_ttf\VisualC-WinRT\UWP_VS2015\freetype-WinRT81.vcxproj", "{1264471F-847F-427D-8DB6-B733F188FFB9}"
EndProject
Project("{8BC9CEB8-8B4A-11D0-8D11-00A0C91BC942}") = "base", "Libraries\Pygame\Extensions\base\base.vcxproj", "{18E2ED5C-BB4D-4668-9C38-4950840E7C51}"
	ProjectSection(ProjectDependencies) = postProject
		{17CBD60F-E890-4473-940B-5ABFB2190192} = {17CBD60F-E890-4473-940B-5ABFB2190192}
	EndProjectSection
EndProject
Project("{8BC9CEB8-8B4A-11D0-8D11-00A0C91BC942}") = "constants", "Libraries\Pygame\Extensions\constants\constants.vcxproj", "{53FFAB64-62E1-4EAC-B9D9-94319A52388B}"
EndProject
Project("{8BC9CEB8-8B4A-11D0-8D11-00A0C91BC942}") = "rect", "Libraries\Pygame\Extensions\rect\rect.vcxproj", "{DDBD16F6-999D-4A57-A634-24CF2041F1A9}"
EndProject
Project("{8BC9CEB8-8B4A-11D0-8D11-00A0C91BC942}") = "rwobject", "Libraries\Pygame\Extensions\rwobject\rwobject.vcxproj", "{25FDEC52-1E76-44EB-9EA1-2815E3F078C1}"
EndProject
Project("{8BC9CEB8-8B4A-11D0-8D11-00A0C91BC942}") = "surface", "Libraries\Pygame\Extensions\surface\surface.vcxproj", "{C71EDA15-104A-425F-9BAA-52C55F0E420F}"
EndProject
Project("{8BC9CEB8-8B4A-11D0-8D11-00A0C91BC942}") = "surflock", "Libraries\Pygame\Extensions\surflock\surflock.vcxproj", "{9F8EDBEB-55C5-4DD5-890B-9A5E9D084DFE}"
EndProject
Project("{8BC9CEB8-8B4A-11D0-8D11-00A0C91BC942}") = "color", "Libraries\Pygame\Extensions\color\color.vcxproj", "{6B6FA6F8-1C5C-45E8-8520-45580A8F4309}"
EndProject
Project("{8BC9CEB8-8B4A-11D0-8D11-00A0C91BC942}") = "bufferproxy", "Libraries\Pygame\Extensions\bufferproxy\bufferproxy.vcxproj", "{CDF9B29E-9CC8-4541-8608-D55537E59851}"
EndProject
Project("{8BC9CEB8-8B4A-11D0-8D11-00A0C91BC942}") = "math", "Libraries\Pygame\Extensions\math\math.vcxproj", "{4300D238-7637-4BC4-925F-6D55072D9E24}"
EndProject
Project("{8BC9CEB8-8B4A-11D0-8D11-00A0C91BC942}") = "display", "Libraries\Pygame\Extensions\display\display.vcxproj", "{AE54F504-EB7F-4450-9794-4F107F5A70A0}"
EndProject
Project("{8BC9CEB8-8B4A-11D0-8D11-00A0C91BC942}") = "draw", "Libraries\Pygame\Extensions\draw\draw.vcxproj", "{B030CF84-47CA-4A0A-85E7-141C8C08C962}"
EndProject
Project("{8BC9CEB8-8B4A-11D0-8D11-00A0C91BC942}") = "event", "Libraries\Pygame\Extensions\event\event.vcxproj", "{DDB5C628-FC2C-4411-AB99-5EF948A760A1}"
EndProject
Project("{8BC9CEB8-8B4A-11D0-8D11-00A0C91BC942}") = "image", "Libraries\Pygame\Extensions\image\image.vcxproj", "{6A449D8A-BCAC-4F3B-8328-F95B87FF9C08}"
EndProject
Project("{8BC9CEB8-8B4A-11D0-8D11-00A0C91BC942}") = "joystick", "Libraries\Pygame\Extensions\joystick\joystick.vcxproj", "{820CB7BA-FAD0-40FF-A64B-B73D1F3B8E43}"
EndProject
Project("{8BC9CEB8-8B4A-11D0-8D11-00A0C91BC942}") = "key", "Libraries\Pygame\Extensions\key\key.vcxproj", "{7E9181C5-D8B7-44FD-B9A0-58000B0D4E6E}"
EndProject
Project("{8BC9CEB8-8B4A-11D0-8D11-00A0C91BC942}") = "mouse", "Libraries\Pygame\Extensions\mouse\mouse.vcxproj", "{E35F7BE8-AEC9-42A9-9CC0-10F069C6D4F2}"
EndProject
Project("{8BC9CEB8-8B4A-11D0-8D11-00A0C91BC942}") = "_sprite", "Libraries\Pygame\Extensions\_sprite\_sprite.vcxproj", "{39137E36-FBA8-417A-9EF5-3BD1C3351D25}"
EndProject
Project("{8BC9CEB8-8B4A-11D0-8D11-00A0C91BC942}") = "pixelcopy", "Libraries\Pygame\Extensions\pixelcopy\pixelcopy.vcxproj", "{C3B54FF5-5DE3-4D05-B55E-86D0E097D8B3}"
EndProject
Project("{8BC9CEB8-8B4A-11D0-8D11-00A0C91BC942}") = "_freetype", "Libraries\Pygame\Extensions\_freetype\_freetype.vcxproj", "{BCC2C781-C55E-488F-BDA3-9A4E4F4A73FF}"
EndProject
Project("{2150E333-8FDC-42A3-9474-1A3956D46DE8}") = "Core", "Core", "{D4931B02-3438-4712-A794-906872774441}"
EndProject
Project("{8BC9CEB8-8B4A-11D0-8D11-00A0C91BC942}") = "fastevent", "Libraries\Pygame\Extensions\fastevent\fastevent.vcxproj", "{59670036-7F5A-4814-862A-795EF0C808EC}"
EndProject
Project("{8BC9CEB8-8B4A-11D0-8D11-00A0C91BC942}") = "font", "Libraries\Pygame\Extensions\font\font.vcxproj", "{65686BDB-BBCF-47DE-B1C1-B979F26295E6}"
EndProject
Project("{8BC9CEB8-8B4A-11D0-8D11-00A0C91BC942}") = "gfxdraw", "Libraries\Pygame\Extensions\gfxdraw\gfxdraw.vcxproj", "{CB45C553-5DDB-4EB5-BF1A-D9EC71847E0D}"
EndProject
Project("{8BC9CEB8-8B4A-11D0-8D11-00A0C91BC942}") = "imageext", "Libraries\Pygame\Extensions\imageext\imageext.vcxproj", "{0EE9ED52-FD17-4E40-9BB2-E6ADC257DA49}"
EndProject
Project("{8BC9CEB8-8B4A-11D0-8D11-00A0C91BC942}") = "mask", "Libraries\Pygame\Extensions\mask\mask.vcxproj", "{4C15363E-47AF-4324-B148-E7816947E81A}"
EndProject
Project("{8BC9CEB8-8B4A-11D0-8D11-00A0C91BC942}") = "mixer", "Libraries\Pygame\Extensions\mixer\mixer.vcxproj", "{CA3803D3-3FBB-4075-9754-603FF3EAE4E1}"
EndProject
Project("{8BC9CEB8-8B4A-11D0-8D11-00A0C91BC942}") = "mixer_music", "Libraries\Pygame\Extensions\mixer_music\mixer_music.vcxproj", "{CC6C88E5-5802-4E41-9A48-BE2070E099E2}"
EndProject
Project("{8BC9CEB8-8B4A-11D0-8D11-00A0C91BC942}") = "newbuffer", "Libraries\Pygame\Extensions\newbuffer\newbuffer.vcxproj", "{543C6495-68AE-4B09-99BD-EA4DC6BE67AB}"
EndProject
Project("{8BC9CEB8-8B4A-11D0-8D11-00A0C91BC942}") = "pixelarray", "Libraries\Pygame\Extensions\pixelarray\pixelarray.vcxproj", "{65B74332-426F-4F63-9CA6-39E6473CF51F}"
EndProject
Project("{8BC9CEB8-8B4A-11D0-8D11-00A0C91BC942}") = "pypm", "Libraries\Pygame\Extensions\pypm\pypm.vcxproj", "{6685A4AD-946F-4FBA-9D31-01FE8B171515}"
EndProject
Project("{2150E333-8FDC-42A3-9474-1A3956D46DE8}") = "Optional", "Optional", "{4A247C79-2223-4316-8F5E-BAD96FFFD190}"
EndProject
Project("{8BC9CEB8-8B4A-11D0-8D11-00A0C91BC942}") = "scrap", "Libraries\Pygame\Extensions\scrap\scrap.vcxproj", "{9F001C17-A46F-4A91-B31E-B2155211E533}"
EndProject
Project("{8BC9CEB8-8B4A-11D0-8D11-00A0C91BC942}") = "GFX", "Libraries\Pygame\Extensions\GFX\GFX.vcxproj", "{50AD6021-AFB1-4327-A2E2-78973F4CEFEC}"
EndProject
Project("{2150E333-8FDC-42A3-9474-1A3956D46DE8}") = "pygame", "pygame", "{CC58FD8C-4498-421A-B57D-201B59855CC5}"
EndProject
Project("{2150E333-8FDC-42A3-9474-1A3956D46DE8}") = "sdl2", "sdl2", "{2D725631-43C0-4416-94B3-4605D708C1A1}"
EndProject
Project("{8BC9CEB8-8B4A-11D0-8D11-00A0C91BC942}") = "time", "Libraries\Pygame\Extensions\time\time.vcxproj", "{5476CD81-DB5F-450B-9F2D-BE687FFC819C}"
EndProject
Global
	GlobalSection(SolutionConfigurationPlatforms) = preSolution
		Debug|ARM = Debug|ARM
		Debug|ARM64 = Debug|ARM64
		Debug|Win32 = Debug|Win32
		Debug|x64 = Debug|x64
		Release|ARM = Release|ARM
		Release|ARM64 = Release|ARM64
		Release|Win32 = Release|Win32
		Release|x64 = Release|x64
	EndGlobalSection
	GlobalSection(ProjectConfigurationPlatforms) = postSolution
		{8AC701D7-F07A-442A-9CDA-EC412F4D9307}.Debug|ARM.ActiveCfg = Debug|ARM
		{8AC701D7-F07A-442A-9CDA-EC412F4D9307}.Debug|ARM.Build.0 = Debug|ARM
		{8AC701D7-F07A-442A-9CDA-EC412F4D9307}.Debug|ARM64.ActiveCfg = Debug|Win32
		{8AC701D7-F07A-442A-9CDA-EC412F4D9307}.Debug|Win32.ActiveCfg = Debug|Win32
		{8AC701D7-F07A-442A-9CDA-EC412F4D9307}.Debug|Win32.Build.0 = Debug|Win32
		{8AC701D7-F07A-442A-9CDA-EC412F4D9307}.Debug|x64.ActiveCfg = Debug|x64
		{8AC701D7-F07A-442A-9CDA-EC412F4D9307}.Debug|x64.Build.0 = Debug|x64
		{8AC701D7-F07A-442A-9CDA-EC412F4D9307}.Release|ARM.ActiveCfg = Release|ARM
		{8AC701D7-F07A-442A-9CDA-EC412F4D9307}.Release|ARM.Build.0 = Release|ARM
		{8AC701D7-F07A-442A-9CDA-EC412F4D9307}.Release|ARM64.ActiveCfg = Release|Win32
		{8AC701D7-F07A-442A-9CDA-EC412F4D9307}.Release|Win32.ActiveCfg = Release|Win32
		{8AC701D7-F07A-442A-9CDA-EC412F4D9307}.Release|Win32.Build.0 = Release|Win32
		{8AC701D7-F07A-442A-9CDA-EC412F4D9307}.Release|x64.ActiveCfg = Release|x64
		{8AC701D7-F07A-442A-9CDA-EC412F4D9307}.Release|x64.Build.0 = Release|x64
		{17CBD60F-E890-4473-940B-5ABFB2190192}.Debug|ARM.ActiveCfg = Debug|ARM
		{17CBD60F-E890-4473-940B-5ABFB2190192}.Debug|ARM.Build.0 = Debug|ARM
		{17CBD60F-E890-4473-940B-5ABFB2190192}.Debug|ARM.Deploy.0 = Debug|ARM
		{17CBD60F-E890-4473-940B-5ABFB2190192}.Debug|ARM64.ActiveCfg = Debug|Win32
		{17CBD60F-E890-4473-940B-5ABFB2190192}.Debug|Win32.ActiveCfg = Debug|Win32
		{17CBD60F-E890-4473-940B-5ABFB2190192}.Debug|Win32.Build.0 = Debug|Win32
		{17CBD60F-E890-4473-940B-5ABFB2190192}.Debug|Win32.Deploy.0 = Debug|Win32
		{17CBD60F-E890-4473-940B-5ABFB2190192}.Debug|x64.ActiveCfg = Debug|x64
		{17CBD60F-E890-4473-940B-5ABFB2190192}.Debug|x64.Build.0 = Debug|x64
		{17CBD60F-E890-4473-940B-5ABFB2190192}.Debug|x64.Deploy.0 = Debug|x64
		{17CBD60F-E890-4473-940B-5ABFB2190192}.Release|ARM.ActiveCfg = Release|ARM
		{17CBD60F-E890-4473-940B-5ABFB2190192}.Release|ARM.Build.0 = Release|ARM
		{17CBD60F-E890-4473-940B-5ABFB2190192}.Release|ARM.Deploy.0 = Release|ARM
		{17CBD60F-E890-4473-940B-5ABFB2190192}.Release|ARM64.ActiveCfg = Release|Win32
		{17CBD60F-E890-4473-940B-5ABFB2190192}.Release|Win32.ActiveCfg = Release|Win32
		{17CBD60F-E890-4473-940B-5ABFB2190192}.Release|Win32.Build.0 = Release|Win32
		{17CBD60F-E890-4473-940B-5ABFB2190192}.Release|Win32.Deploy.0 = Release|Win32
		{17CBD60F-E890-4473-940B-5ABFB2190192}.Release|x64.ActiveCfg = Release|x64
		{17CBD60F-E890-4473-940B-5ABFB2190192}.Release|x64.Build.0 = Release|x64
		{17CBD60F-E890-4473-940B-5ABFB2190192}.Release|x64.Deploy.0 = Release|x64
		{5DE0FA47-6A23-487B-ACFB-D8834D1D2409}.Debug|ARM.ActiveCfg = Debug|ARM
		{5DE0FA47-6A23-487B-ACFB-D8834D1D2409}.Debug|ARM.Build.0 = Debug|ARM
		{5DE0FA47-6A23-487B-ACFB-D8834D1D2409}.Debug|ARM.Deploy.0 = Debug|ARM
		{5DE0FA47-6A23-487B-ACFB-D8834D1D2409}.Debug|ARM64.ActiveCfg = Debug|ARM64
		{5DE0FA47-6A23-487B-ACFB-D8834D1D2409}.Debug|ARM64.Build.0 = Debug|ARM64
		{5DE0FA47-6A23-487B-ACFB-D8834D1D2409}.Debug|ARM64.Deploy.0 = Debug|ARM64
		{5DE0FA47-6A23-487B-ACFB-D8834D1D2409}.Debug|Win32.ActiveCfg = Debug|Win32
		{5DE0FA47-6A23-487B-ACFB-D8834D1D2409}.Debug|Win32.Build.0 = Debug|Win32
		{5DE0FA47-6A23-487B-ACFB-D8834D1D2409}.Debug|Win32.Deploy.0 = Debug|Win32
		{5DE0FA47-6A23-487B-ACFB-D8834D1D2409}.Debug|x64.ActiveCfg = Debug|x64
		{5DE0FA47-6A23-487B-ACFB-D8834D1D2409}.Debug|x64.Build.0 = Debug|x64
		{5DE0FA47-6A23-487B-ACFB-D8834D1D2409}.Debug|x64.Deploy.0 = Debug|x64
		{5DE0FA47-6A23-487B-ACFB-D8834D1D2409}.Release|ARM.ActiveCfg = Release|ARM
		{5DE0FA47-6A23-487B-ACFB-D8834D1D2409}.Release|ARM.Build.0 = Release|ARM
		{5DE0FA47-6A23-487B-ACFB-D8834D1D2409}.Release|ARM.Deploy.0 = Release|ARM
		{5DE0FA47-6A23-487B-ACFB-D8834D1D2409}.Release|ARM64.ActiveCfg = Release|ARM64
		{5DE0FA47-6A23-487B-ACFB-D8834D1D2409}.Release|ARM64.Build.0 = Release|ARM64
		{5DE0FA47-6A23-487B-ACFB-D8834D1D2409}.Release|ARM64.Deploy.0 = Release|ARM64
		{5DE0FA47-6A23-487B-ACFB-D8834D1D2409}.Release|Win32.ActiveCfg = Release|Win32
		{5DE0FA47-6A23-487B-ACFB-D8834D1D2409}.Release|Win32.Build.0 = Release|Win32
		{5DE0FA47-6A23-487B-ACFB-D8834D1D2409}.Release|Win32.Deploy.0 = Release|Win32
		{5DE0FA47-6A23-487B-ACFB-D8834D1D2409}.Release|x64.ActiveCfg = Release|x64
		{5DE0FA47-6A23-487B-ACFB-D8834D1D2409}.Release|x64.Build.0 = Release|x64
		{5DE0FA47-6A23-487B-ACFB-D8834D1D2409}.Release|x64.Deploy.0 = Release|x64
		{89E9B32E-A86A-47C3-A948-D2B1622925CE}.Debug|ARM.ActiveCfg = Debug|ARM
		{89E9B32E-A86A-47C3-A948-D2B1622925CE}.Debug|ARM.Build.0 = Debug|ARM
		{89E9B32E-A86A-47C3-A948-D2B1622925CE}.Debug|ARM64.ActiveCfg = Debug|Win32
		{89E9B32E-A86A-47C3-A948-D2B1622925CE}.Debug|Win32.ActiveCfg = Debug|Win32
		{89E9B32E-A86A-47C3-A948-D2B1622925CE}.Debug|Win32.Build.0 = Debug|Win32
		{89E9B32E-A86A-47C3-A948-D2B1622925CE}.Debug|x64.ActiveCfg = Debug|x64
		{89E9B32E-A86A-47C3-A948-D2B1622925CE}.Debug|x64.Build.0 = Debug|x64
		{89E9B32E-A86A-47C3-A948-D2B1622925CE}.Release|ARM.ActiveCfg = Release|ARM
		{89E9B32E-A86A-47C3-A948-D2B1622925CE}.Release|ARM.Build.0 = Release|ARM
		{89E9B32E-A86A-47C3-A948-D2B1622925CE}.Release|ARM64.ActiveCfg = Release|Win32
		{89E9B32E-A86A-47C3-A948-D2B1622925CE}.Release|Win32.ActiveCfg = Release|Win32
		{89E9B32E-A86A-47C3-A948-D2B1622925CE}.Release|Win32.Build.0 = Release|Win32
		{89E9B32E-A86A-47C3-A948-D2B1622925CE}.Release|x64.ActiveCfg = Release|x64
		{89E9B32E-A86A-47C3-A948-D2B1622925CE}.Release|x64.Build.0 = Release|x64
		{341226AF-8FFF-401F-9002-63CBA6132BEA}.Debug|ARM.ActiveCfg = Debug|ARM
		{341226AF-8FFF-401F-9002-63CBA6132BEA}.Debug|ARM.Build.0 = Debug|ARM
		{341226AF-8FFF-401F-9002-63CBA6132BEA}.Debug|ARM64.ActiveCfg = Debug|ARM64
		{341226AF-8FFF-401F-9002-63CBA6132BEA}.Debug|ARM64.Build.0 = Debug|ARM64
		{341226AF-8FFF-401F-9002-63CBA6132BEA}.Debug|Win32.ActiveCfg = Debug|Win32
		{341226AF-8FFF-401F-9002-63CBA6132BEA}.Debug|Win32.Build.0 = Debug|Win32
		{341226AF-8FFF-401F-9002-63CBA6132BEA}.Debug|x64.ActiveCfg = Debug|x64
		{341226AF-8FFF-401F-9002-63CBA6132BEA}.Debug|x64.Build.0 = Debug|x64
		{341226AF-8FFF-401F-9002-63CBA6132BEA}.Release|ARM.ActiveCfg = Release|ARM
		{341226AF-8FFF-401F-9002-63CBA6132BEA}.Release|ARM.Build.0 = Release|ARM
		{341226AF-8FFF-401F-9002-63CBA6132BEA}.Release|ARM64.ActiveCfg = Release|ARM64
		{341226AF-8FFF-401F-9002-63CBA6132BEA}.Release|ARM64.Build.0 = Release|ARM64
		{341226AF-8FFF-401F-9002-63CBA6132BEA}.Release|Win32.ActiveCfg = Release|Win32
		{341226AF-8FFF-401F-9002-63CBA6132BEA}.Release|Win32.Build.0 = Release|Win32
		{341226AF-8FFF-401F-9002-63CBA6132BEA}.Release|x64.ActiveCfg = Release|x64
		{341226AF-8FFF-401F-9002-63CBA6132BEA}.Release|x64.Build.0 = Release|x64
		{29B4D11F-59F3-4EBC-A769-3BABD140DB9A}.Debug|ARM.ActiveCfg = Debug|ARM
		{29B4D11F-59F3-4EBC-A769-3BABD140DB9A}.Debug|ARM.Build.0 = Debug|ARM
		{29B4D11F-59F3-4EBC-A769-3BABD140DB9A}.Debug|ARM64.ActiveCfg = Debug|Win32
		{29B4D11F-59F3-4EBC-A769-3BABD140DB9A}.Debug|Win32.ActiveCfg = Debug|Win32
		{29B4D11F-59F3-4EBC-A769-3BABD140DB9A}.Debug|Win32.Build.0 = Debug|Win32
		{29B4D11F-59F3-4EBC-A769-3BABD140DB9A}.Debug|x64.ActiveCfg = Debug|x64
		{29B4D11F-59F3-4EBC-A769-3BABD140DB9A}.Debug|x64.Build.0 = Debug|x64
		{29B4D11F-59F3-4EBC-A769-3BABD140DB9A}.Release|ARM.ActiveCfg = Release|ARM
		{29B4D11F-59F3-4EBC-A769-3BABD140DB9A}.Release|ARM.Build.0 = Release|ARM
		{29B4D11F-59F3-4EBC-A769-3BABD140DB9A}.Release|ARM64.ActiveCfg = Release|Win32
		{29B4D11F-59F3-4EBC-A769-3BABD140DB9A}.Release|Win32.ActiveCfg = Release|Win32
		{29B4D11F-59F3-4EBC-A769-3BABD140DB9A}.Release|Win32.Build.0 = Release|Win32
		{29B4D11F-59F3-4EBC-A769-3BABD140DB9A}.Release|x64.ActiveCfg = Release|x64
		{29B4D11F-59F3-4EBC-A769-3BABD140DB9A}.Release|x64.Build.0 = Release|x64
		{2E908AD5-95E9-4B2D-BD6E-BA3EA4C1A2EE}.Debug|ARM.ActiveCfg = Debug|ARM
		{2E908AD5-95E9-4B2D-BD6E-BA3EA4C1A2EE}.Debug|ARM.Build.0 = Debug|ARM
		{2E908AD5-95E9-4B2D-BD6E-BA3EA4C1A2EE}.Debug|ARM64.ActiveCfg = Debug|Win32
		{2E908AD5-95E9-4B2D-BD6E-BA3EA4C1A2EE}.Debug|Win32.ActiveCfg = Debug|Win32
		{2E908AD5-95E9-4B2D-BD6E-BA3EA4C1A2EE}.Debug|Win32.Build.0 = Debug|Win32
		{2E908AD5-95E9-4B2D-BD6E-BA3EA4C1A2EE}.Debug|x64.ActiveCfg = Debug|x64
		{2E908AD5-95E9-4B2D-BD6E-BA3EA4C1A2EE}.Debug|x64.Build.0 = Debug|x64
		{2E908AD5-95E9-4B2D-BD6E-BA3EA4C1A2EE}.Release|ARM.ActiveCfg = Release|ARM
		{2E908AD5-95E9-4B2D-BD6E-BA3EA4C1A2EE}.Release|ARM.Build.0 = Release|ARM
		{2E908AD5-95E9-4B2D-BD6E-BA3EA4C1A2EE}.Release|ARM64.ActiveCfg = Release|Win32
		{2E908AD5-95E9-4B2D-BD6E-BA3EA4C1A2EE}.Release|Win32.ActiveCfg = Release|Win32
		{2E908AD5-95E9-4B2D-BD6E-BA3EA4C1A2EE}.Release|Win32.Build.0 = Release|Win32
		{2E908AD5-95E9-4B2D-BD6E-BA3EA4C1A2EE}.Release|x64.ActiveCfg = Release|x64
		{2E908AD5-95E9-4B2D-BD6E-BA3EA4C1A2EE}.Release|x64.Build.0 = Release|x64
		{5FBDC49A-7939-40F9-B78E-975F190ADBD3}.Debug|ARM.ActiveCfg = Debug|ARM
		{5FBDC49A-7939-40F9-B78E-975F190ADBD3}.Debug|ARM.Build.0 = Debug|ARM
		{5FBDC49A-7939-40F9-B78E-975F190ADBD3}.Debug|ARM64.ActiveCfg = Debug|Win32
		{5FBDC49A-7939-40F9-B78E-975F190ADBD3}.Debug|Win32.ActiveCfg = Debug|Win32
		{5FBDC49A-7939-40F9-B78E-975F190ADBD3}.Debug|Win32.Build.0 = Debug|Win32
		{5FBDC49A-7939-40F9-B78E-975F190ADBD3}.Debug|x64.ActiveCfg = Debug|x64
		{5FBDC49A-7939-40F9-B78E-975F190ADBD3}.Debug|x64.Build.0 = Debug|x64
		{5FBDC49A-7939-40F9-B78E-975F190ADBD3}.Release|ARM.ActiveCfg = Release|ARM
		{5FBDC49A-7939-40F9-B78E-975F190ADBD3}.Release|ARM.Build.0 = Release|ARM
		{5FBDC49A-7939-40F9-B78E-975F190ADBD3}.Release|ARM64.ActiveCfg = Release|Win32
		{5FBDC49A-7939-40F9-B78E-975F190ADBD3}.Release|Win32.ActiveCfg = Release|Win32
		{5FBDC49A-7939-40F9-B78E-975F190ADBD3}.Release|Win32.Build.0 = Release|Win32
		{5FBDC49A-7939-40F9-B78E-975F190ADBD3}.Release|x64.ActiveCfg = Release|x64
		{5FBDC49A-7939-40F9-B78E-975F190ADBD3}.Release|x64.Build.0 = Release|x64
		{1EB035A3-815A-4382-90D3-4510AB605AD9}.Debug|ARM.ActiveCfg = Debug|ARM
		{1EB035A3-815A-4382-90D3-4510AB605AD9}.Debug|ARM.Build.0 = Debug|ARM
		{1EB035A3-815A-4382-90D3-4510AB605AD9}.Debug|ARM64.ActiveCfg = Debug|Win32
		{1EB035A3-815A-4382-90D3-4510AB605AD9}.Debug|Win32.ActiveCfg = Debug|Win32
		{1EB035A3-815A-4382-90D3-4510AB605AD9}.Debug|Win32.Build.0 = Debug|Win32
		{1EB035A3-815A-4382-90D3-4510AB605AD9}.Debug|x64.ActiveCfg = Debug|x64
		{1EB035A3-815A-4382-90D3-4510AB605AD9}.Debug|x64.Build.0 = Debug|x64
		{1EB035A3-815A-4382-90D3-4510AB605AD9}.Release|ARM.ActiveCfg = Release|ARM
		{1EB035A3-815A-4382-90D3-4510AB605AD9}.Release|ARM.Build.0 = Release|ARM
		{1EB035A3-815A-4382-90D3-4510AB605AD9}.Release|ARM64.ActiveCfg = Release|Win32
		{1EB035A3-815A-4382-90D3-4510AB605AD9}.Release|Win32.ActiveCfg = Release|Win32
		{1EB035A3-815A-4382-90D3-4510AB605AD9}.Release|Win32.Build.0 = Release|Win32
		{1EB035A3-815A-4382-90D3-4510AB605AD9}.Release|x64.ActiveCfg = Release|x64
		{1EB035A3-815A-4382-90D3-4510AB605AD9}.Release|x64.Build.0 = Release|x64
		{ACEA4101-6F4A-44ED-9EC1-289821DAC711}.Debug|ARM.ActiveCfg = Debug|ARM
		{ACEA4101-6F4A-44ED-9EC1-289821DAC711}.Debug|ARM.Build.0 = Debug|ARM
		{ACEA4101-6F4A-44ED-9EC1-289821DAC711}.Debug|ARM64.ActiveCfg = Debug|Win32
		{ACEA4101-6F4A-44ED-9EC1-289821DAC711}.Debug|Win32.ActiveCfg = Debug|Win32
		{ACEA4101-6F4A-44ED-9EC1-289821DAC711}.Debug|Win32.Build.0 = Debug|Win32
		{ACEA4101-6F4A-44ED-9EC1-289821DAC711}.Debug|x64.ActiveCfg = Debug|x64
		{ACEA4101-6F4A-44ED-9EC1-289821DAC711}.Debug|x64.Build.0 = Debug|x64
		{ACEA4101-6F4A-44ED-9EC1-289821DAC711}.Release|ARM.ActiveCfg = Release|ARM
		{ACEA4101-6F4A-44ED-9EC1-289821DAC711}.Release|ARM.Build.0 = Release|ARM
		{ACEA4101-6F4A-44ED-9EC1-289821DAC711}.Release|ARM64.ActiveCfg = Release|Win32
		{ACEA4101-6F4A-44ED-9EC1-289821DAC711}.Release|Win32.ActiveCfg = Release|Win32
		{ACEA4101-6F4A-44ED-9EC1-289821DAC711}.Release|Win32.Build.0 = Release|Win32
		{ACEA4101-6F4A-44ED-9EC1-289821DAC711}.Release|x64.ActiveCfg = Release|x64
		{ACEA4101-6F4A-44ED-9EC1-289821DAC711}.Release|x64.Build.0 = Release|x64
		{18665277-E558-4484-93F4-E4DC7BB614CB}.Debug|ARM.ActiveCfg = Debug|ARM
		{18665277-E558-4484-93F4-E4DC7BB614CB}.Debug|ARM.Build.0 = Debug|ARM
		{18665277-E558-4484-93F4-E4DC7BB614CB}.Debug|ARM64.ActiveCfg = Debug|Win32
		{18665277-E558-4484-93F4-E4DC7BB614CB}.Debug|Win32.ActiveCfg = Debug|Win32
		{18665277-E558-4484-93F4-E4DC7BB614CB}.Debug|Win32.Build.0 = Debug|Win32
		{18665277-E558-4484-93F4-E4DC7BB614CB}.Debug|x64.ActiveCfg = Debug|x64
		{18665277-E558-4484-93F4-E4DC7BB614CB}.Debug|x64.Build.0 = Debug|x64
		{18665277-E558-4484-93F4-E4DC7BB614CB}.Release|ARM.ActiveCfg = Release|ARM
		{18665277-E558-4484-93F4-E4DC7BB614CB}.Release|ARM.Build.0 = Release|ARM
		{18665277-E558-4484-93F4-E4DC7BB614CB}.Release|ARM64.ActiveCfg = Release|Win32
		{18665277-E558-4484-93F4-E4DC7BB614CB}.Release|Win32.ActiveCfg = Release|Win32
		{18665277-E558-4484-93F4-E4DC7BB614CB}.Release|Win32.Build.0 = Release|Win32
		{18665277-E558-4484-93F4-E4DC7BB614CB}.Release|x64.ActiveCfg = Release|x64
		{18665277-E558-4484-93F4-E4DC7BB614CB}.Release|x64.Build.0 = Release|x64
		{B14F8B7F-C9FF-4FD3-B328-7C68AB801E85}.Debug|ARM.ActiveCfg = Debug|ARM
		{B14F8B7F-C9FF-4FD3-B328-7C68AB801E85}.Debug|ARM.Build.0 = Debug|ARM
		{B14F8B7F-C9FF-4FD3-B328-7C68AB801E85}.Debug|ARM64.ActiveCfg = Debug|Win32
		{B14F8B7F-C9FF-4FD3-B328-7C68AB801E85}.Debug|Win32.ActiveCfg = Debug|Win32
		{B14F8B7F-C9FF-4FD3-B328-7C68AB801E85}.Debug|Win32.Build.0 = Debug|Win32
		{B14F8B7F-C9FF-4FD3-B328-7C68AB801E85}.Debug|x64.ActiveCfg = Debug|x64
		{B14F8B7F-C9FF-4FD3-B328-7C68AB801E85}.Debug|x64.Build.0 = Debug|x64
		{B14F8B7F-C9FF-4FD3-B328-7C68AB801E85}.Release|ARM.ActiveCfg = Release|ARM
		{B14F8B7F-C9FF-4FD3-B328-7C68AB801E85}.Release|ARM.Build.0 = Release|ARM
		{B14F8B7F-C9FF-4FD3-B328-7C68AB801E85}.Release|ARM64.ActiveCfg = Release|Win32
		{B14F8B7F-C9FF-4FD3-B328-7C68AB801E85}.Release|Win32.ActiveCfg = Release|Win32
		{B14F8B7F-C9FF-4FD3-B328-7C68AB801E85}.Release|Win32.Build.0 = Release|Win32
		{B14F8B7F-C9FF-4FD3-B328-7C68AB801E85}.Release|x64.ActiveCfg = Release|x64
		{B14F8B7F-C9FF-4FD3-B328-7C68AB801E85}.Release|x64.Build.0 = Release|x64
		{6B6C1F59-6A82-4097-8907-04DF5C95D014}.Debug|ARM.ActiveCfg = Debug|ARM
		{6B6C1F59-6A82-4097-8907-04DF5C95D014}.Debug|ARM.Build.0 = Debug|ARM
		{6B6C1F59-6A82-4097-8907-04DF5C95D014}.Debug|ARM64.ActiveCfg = Debug|Win32
		{6B6C1F59-6A82-4097-8907-04DF5C95D014}.Debug|Win32.ActiveCfg = Debug|Win32
		{6B6C1F59-6A82-4097-8907-04DF5C95D014}.Debug|Win32.Build.0 = Debug|Win32
		{6B6C1F59-6A82-4097-8907-04DF5C95D014}.Debug|x64.ActiveCfg = Debug|x64
		{6B6C1F59-6A82-4097-8907-04DF5C95D014}.Debug|x64.Build.0 = Debug|x64
		{6B6C1F59-6A82-4097-8907-04DF5C95D014}.Release|ARM.ActiveCfg = Release|ARM
		{6B6C1F59-6A82-4097-8907-04DF5C95D014}.Release|ARM.Build.0 = Release|ARM
		{6B6C1F59-6A82-4097-8907-04DF5C95D014}.Release|ARM64.ActiveCfg = Release|Win32
		{6B6C1F59-6A82-4097-8907-04DF5C95D014}.Release|Win32.ActiveCfg = Release|Win32
		{6B6C1F59-6A82-4097-8907-04DF5C95D014}.Release|Win32.Build.0 = Release|Win32
		{6B6C1F59-6A82-4097-8907-04DF5C95D014}.Release|x64.ActiveCfg = Release|x64
		{6B6C1F59-6A82-4097-8907-04DF5C95D014}.Release|x64.Build.0 = Release|x64
		{70EF3B8F-6AAF-401B-9818-3371E950E73C}.Debug|ARM.ActiveCfg = Debug|ARM
		{70EF3B8F-6AAF-401B-9818-3371E950E73C}.Debug|ARM.Build.0 = Debug|ARM
		{70EF3B8F-6AAF-401B-9818-3371E950E73C}.Debug|ARM64.ActiveCfg = Debug|Win32
		{70EF3B8F-6AAF-401B-9818-3371E950E73C}.Debug|Win32.ActiveCfg = Debug|Win32
		{70EF3B8F-6AAF-401B-9818-3371E950E73C}.Debug|Win32.Build.0 = Debug|Win32
		{70EF3B8F-6AAF-401B-9818-3371E950E73C}.Debug|x64.ActiveCfg = Debug|x64
		{70EF3B8F-6AAF-401B-9818-3371E950E73C}.Debug|x64.Build.0 = Debug|x64
		{70EF3B8F-6AAF-401B-9818-3371E950E73C}.Release|ARM.ActiveCfg = Release|ARM
		{70EF3B8F-6AAF-401B-9818-3371E950E73C}.Release|ARM.Build.0 = Release|ARM
		{70EF3B8F-6AAF-401B-9818-3371E950E73C}.Release|ARM64.ActiveCfg = Release|Win32
		{70EF3B8F-6AAF-401B-9818-3371E950E73C}.Release|Win32.ActiveCfg = Release|Win32
		{70EF3B8F-6AAF-401B-9818-3371E950E73C}.Release|Win32.Build.0 = Release|Win32
		{70EF3B8F-6AAF-401B-9818-3371E950E73C}.Release|x64.ActiveCfg = Release|x64
		{70EF3B8F-6AAF-401B-9818-3371E950E73C}.Release|x64.Build.0 = Release|x64
		{3B8321DF-B538-4009-A4A2-D76AB4E7E8F1}.Debug|ARM.ActiveCfg = Debug|ARM
		{3B8321DF-B538-4009-A4A2-D76AB4E7E8F1}.Debug|ARM.Build.0 = Debug|ARM
		{3B8321DF-B538-4009-A4A2-D76AB4E7E8F1}.Debug|ARM64.ActiveCfg = Debug|ARM64
		{3B8321DF-B538-4009-A4A2-D76AB4E7E8F1}.Debug|ARM64.Build.0 = Debug|ARM64
		{3B8321DF-B538-4009-A4A2-D76AB4E7E8F1}.Debug|Win32.ActiveCfg = Debug|Win32
		{3B8321DF-B538-4009-A4A2-D76AB4E7E8F1}.Debug|Win32.Build.0 = Debug|Win32
		{3B8321DF-B538-4009-A4A2-D76AB4E7E8F1}.Debug|x64.ActiveCfg = Debug|x64
		{3B8321DF-B538-4009-A4A2-D76AB4E7E8F1}.Debug|x64.Build.0 = Debug|x64
		{3B8321DF-B538-4009-A4A2-D76AB4E7E8F1}.Release|ARM.ActiveCfg = Release|ARM
		{3B8321DF-B538-4009-A4A2-D76AB4E7E8F1}.Release|ARM.Build.0 = Release|ARM
		{3B8321DF-B538-4009-A4A2-D76AB4E7E8F1}.Release|ARM64.ActiveCfg = Release|ARM64
		{3B8321DF-B538-4009-A4A2-D76AB4E7E8F1}.Release|ARM64.Build.0 = Release|ARM64
		{3B8321DF-B538-4009-A4A2-D76AB4E7E8F1}.Release|Win32.ActiveCfg = Release|Win32
		{3B8321DF-B538-4009-A4A2-D76AB4E7E8F1}.Release|Win32.Build.0 = Release|Win32
		{3B8321DF-B538-4009-A4A2-D76AB4E7E8F1}.Release|x64.ActiveCfg = Release|x64
		{3B8321DF-B538-4009-A4A2-D76AB4E7E8F1}.Release|x64.Build.0 = Release|x64
		{90CA40DC-84B4-4D06-91D1-DC82A7A1E4D0}.Debug|ARM.ActiveCfg = Debug|ARM
		{90CA40DC-84B4-4D06-91D1-DC82A7A1E4D0}.Debug|ARM.Build.0 = Debug|ARM
		{90CA40DC-84B4-4D06-91D1-DC82A7A1E4D0}.Debug|ARM64.ActiveCfg = Debug|Win32
		{90CA40DC-84B4-4D06-91D1-DC82A7A1E4D0}.Debug|Win32.ActiveCfg = Debug|Win32
		{90CA40DC-84B4-4D06-91D1-DC82A7A1E4D0}.Debug|Win32.Build.0 = Debug|Win32
		{90CA40DC-84B4-4D06-91D1-DC82A7A1E4D0}.Debug|x64.ActiveCfg = Debug|x64
		{90CA40DC-84B4-4D06-91D1-DC82A7A1E4D0}.Debug|x64.Build.0 = Debug|x64
		{90CA40DC-84B4-4D06-91D1-DC82A7A1E4D0}.Release|ARM.ActiveCfg = Release|ARM
		{90CA40DC-84B4-4D06-91D1-DC82A7A1E4D0}.Release|ARM.Build.0 = Release|ARM
		{90CA40DC-84B4-4D06-91D1-DC82A7A1E4D0}.Release|ARM64.ActiveCfg = Release|Win32
		{90CA40DC-84B4-4D06-91D1-DC82A7A1E4D0}.Release|Win32.ActiveCfg = Release|Win32
		{90CA40DC-84B4-4D06-91D1-DC82A7A1E4D0}.Release|Win32.Build.0 = Release|Win32
		{90CA40DC-84B4-4D06-91D1-DC82A7A1E4D0}.Release|x64.ActiveCfg = Release|x64
		{90CA40DC-84B4-4D06-91D1-DC82A7A1E4D0}.Release|x64.Build.0 = Release|x64
		{1264471F-847F-427D-8DB6-B733F188FFB9}.Debug|ARM.ActiveCfg = Debug|ARM
		{1264471F-847F-427D-8DB6-B733F188FFB9}.Debug|ARM.Build.0 = Debug|ARM
		{1264471F-847F-427D-8DB6-B733F188FFB9}.Debug|ARM64.ActiveCfg = Debug|Win32
		{1264471F-847F-427D-8DB6-B733F188FFB9}.Debug|Win32.ActiveCfg = Debug|Win32
		{1264471F-847F-427D-8DB6-B733F188FFB9}.Debug|Win32.Build.0 = Debug|Win32
		{1264471F-847F-427D-8DB6-B733F188FFB9}.Debug|x64.ActiveCfg = Debug|x64
		{1264471F-847F-427D-8DB6-B733F188FFB9}.Debug|x64.Build.0 = Debug|x64
		{1264471F-847F-427D-8DB6-B733F188FFB9}.Release|ARM.ActiveCfg = Release|ARM
		{1264471F-847F-427D-8DB6-B733F188FFB9}.Release|ARM.Build.0 = Release|ARM
		{1264471F-847F-427D-8DB6-B733F188FFB9}.Release|ARM64.ActiveCfg = Release|Win32
		{1264471F-847F-427D-8DB6-B733F188FFB9}.Release|Win32.ActiveCfg = Release|Win32
		{1264471F-847F-427D-8DB6-B733F188FFB9}.Release|Win32.Build.0 = Release|Win32
		{1264471F-847F-427D-8DB6-B733F188FFB9}.Release|x64.ActiveCfg = Release|x64
		{1264471F-847F-427D-8DB6-B733F188FFB9}.Release|x64.Build.0 = Release|x64
		{18E2ED5C-BB4D-4668-9C38-4950840E7C51}.Debug|ARM.ActiveCfg = Debug|ARM
		{18E2ED5C-BB4D-4668-9C38-4950840E7C51}.Debug|ARM.Build.0 = Debug|ARM
		{18E2ED5C-BB4D-4668-9C38-4950840E7C51}.Debug|ARM64.ActiveCfg = Debug|ARM64
		{18E2ED5C-BB4D-4668-9C38-4950840E7C51}.Debug|ARM64.Build.0 = Debug|ARM64
		{18E2ED5C-BB4D-4668-9C38-4950840E7C51}.Debug|Win32.ActiveCfg = Debug|Win32
		{18E2ED5C-BB4D-4668-9C38-4950840E7C51}.Debug|Win32.Build.0 = Debug|Win32
		{18E2ED5C-BB4D-4668-9C38-4950840E7C51}.Debug|x64.ActiveCfg = Debug|x64
		{18E2ED5C-BB4D-4668-9C38-4950840E7C51}.Debug|x64.Build.0 = Debug|x64
		{18E2ED5C-BB4D-4668-9C38-4950840E7C51}.Release|ARM.ActiveCfg = Release|ARM
		{18E2ED5C-BB4D-4668-9C38-4950840E7C51}.Release|ARM.Build.0 = Release|ARM
		{18E2ED5C-BB4D-4668-9C38-4950840E7C51}.Release|ARM64.ActiveCfg = Release|ARM64
		{18E2ED5C-BB4D-4668-9C38-4950840E7C51}.Release|ARM64.Build.0 = Release|ARM64
		{18E2ED5C-BB4D-4668-9C38-4950840E7C51}.Release|Win32.ActiveCfg = Release|Win32
		{18E2ED5C-BB4D-4668-9C38-4950840E7C51}.Release|Win32.Build.0 = Release|Win32
		{18E2ED5C-BB4D-4668-9C38-4950840E7C51}.Release|x64.ActiveCfg = Release|x64
		{18E2ED5C-BB4D-4668-9C38-4950840E7C51}.Release|x64.Build.0 = Release|x64
		{53FFAB64-62E1-4EAC-B9D9-94319A52388B}.Debug|ARM.ActiveCfg = Debug|ARM
		{53FFAB64-62E1-4EAC-B9D9-94319A52388B}.Debug|ARM.Build.0 = Debug|ARM
		{53FFAB64-62E1-4EAC-B9D9-94319A52388B}.Debug|ARM64.ActiveCfg = Debug|ARM64
		{53FFAB64-62E1-4EAC-B9D9-94319A52388B}.Debug|ARM64.Build.0 = Debug|ARM64
		{53FFAB64-62E1-4EAC-B9D9-94319A52388B}.Debug|Win32.ActiveCfg = Debug|Win32
		{53FFAB64-62E1-4EAC-B9D9-94319A52388B}.Debug|Win32.Build.0 = Debug|Win32
		{53FFAB64-62E1-4EAC-B9D9-94319A52388B}.Debug|x64.ActiveCfg = Debug|x64
		{53FFAB64-62E1-4EAC-B9D9-94319A52388B}.Debug|x64.Build.0 = Debug|x64
		{53FFAB64-62E1-4EAC-B9D9-94319A52388B}.Release|ARM.ActiveCfg = Release|ARM
		{53FFAB64-62E1-4EAC-B9D9-94319A52388B}.Release|ARM.Build.0 = Release|ARM
		{53FFAB64-62E1-4EAC-B9D9-94319A52388B}.Release|ARM64.ActiveCfg = Release|ARM64
		{53FFAB64-62E1-4EAC-B9D9-94319A52388B}.Release|ARM64.Build.0 = Release|ARM64
		{53FFAB64-62E1-4EAC-B9D9-94319A52388B}.Release|Win32.ActiveCfg = Release|Win32
		{53FFAB64-62E1-4EAC-B9D9-94319A52388B}.Release|Win32.Build.0 = Release|Win32
		{53FFAB64-62E1-4EAC-B9D9-94319A52388B}.Release|x64.ActiveCfg = Release|x64
		{53FFAB64-62E1-4EAC-B9D9-94319A52388B}.Release|x64.Build.0 = Release|x64
		{DDBD16F6-999D-4A57-A634-24CF2041F1A9}.Debug|ARM.ActiveCfg = Debug|ARM
		{DDBD16F6-999D-4A57-A634-24CF2041F1A9}.Debug|ARM.Build.0 = Debug|ARM
		{DDBD16F6-999D-4A57-A634-24CF2041F1A9}.Debug|ARM64.ActiveCfg = Debug|ARM64
		{DDBD16F6-999D-4A57-A634-24CF2041F1A9}.Debug|ARM64.Build.0 = Debug|ARM64
		{DDBD16F6-999D-4A57-A634-24CF2041F1A9}.Debug|Win32.ActiveCfg = Debug|Win32
		{DDBD16F6-999D-4A57-A634-24CF2041F1A9}.Debug|Win32.Build.0 = Debug|Win32
		{DDBD16F6-999D-4A57-A634-24CF2041F1A9}.Debug|x64.ActiveCfg = Debug|x64
		{DDBD16F6-999D-4A57-A634-24CF2041F1A9}.Debug|x64.Build.0 = Debug|x64
		{DDBD16F6-999D-4A57-A634-24CF2041F1A9}.Release|ARM.ActiveCfg = Release|ARM
		{DDBD16F6-999D-4A57-A634-24CF2041F1A9}.Release|ARM.Build.0 = Release|ARM
		{DDBD16F6-999D-4A57-A634-24CF2041F1A9}.Release|ARM64.ActiveCfg = Release|ARM64
		{DDBD16F6-999D-4A57-A634-24CF2041F1A9}.Release|ARM64.Build.0 = Release|ARM64
		{DDBD16F6-999D-4A57-A634-24CF2041F1A9}.Release|Win32.ActiveCfg = Release|Win32
		{DDBD16F6-999D-4A57-A634-24CF2041F1A9}.Release|Win32.Build.0 = Release|Win32
		{DDBD16F6-999D-4A57-A634-24CF2041F1A9}.Release|x64.ActiveCfg = Release|x64
		{DDBD16F6-999D-4A57-A634-24CF2041F1A9}.Release|x64.Build.0 = Release|x64
		{25FDEC52-1E76-44EB-9EA1-2815E3F078C1}.Debug|ARM.ActiveCfg = Debug|ARM
		{25FDEC52-1E76-44EB-9EA1-2815E3F078C1}.Debug|ARM.Build.0 = Debug|ARM
		{25FDEC52-1E76-44EB-9EA1-2815E3F078C1}.Debug|ARM64.ActiveCfg = Debug|ARM64
		{25FDEC52-1E76-44EB-9EA1-2815E3F078C1}.Debug|ARM64.Build.0 = Debug|ARM64
		{25FDEC52-1E76-44EB-9EA1-2815E3F078C1}.Debug|Win32.ActiveCfg = Debug|Win32
		{25FDEC52-1E76-44EB-9EA1-2815E3F078C1}.Debug|Win32.Build.0 = Debug|Win32
		{25FDEC52-1E76-44EB-9EA1-2815E3F078C1}.Debug|x64.ActiveCfg = Debug|x64
		{25FDEC52-1E76-44EB-9EA1-2815E3F078C1}.Debug|x64.Build.0 = Debug|x64
		{25FDEC52-1E76-44EB-9EA1-2815E3F078C1}.Release|ARM.ActiveCfg = Release|ARM
		{25FDEC52-1E76-44EB-9EA1-2815E3F078C1}.Release|ARM.Build.0 = Release|ARM
		{25FDEC52-1E76-44EB-9EA1-2815E3F078C1}.Release|ARM64.ActiveCfg = Release|ARM64
		{25FDEC52-1E76-44EB-9EA1-2815E3F078C1}.Release|ARM64.Build.0 = Release|ARM64
		{25FDEC52-1E76-44EB-9EA1-2815E3F078C1}.Release|Win32.ActiveCfg = Release|Win32
		{25FDEC52-1E76-44EB-9EA1-2815E3F078C1}.Release|Win32.Build.0 = Release|Win32
		{25FDEC52-1E76-44EB-9EA1-2815E3F078C1}.Release|x64.ActiveCfg = Release|x64
		{25FDEC52-1E76-44EB-9EA1-2815E3F078C1}.Release|x64.Build.0 = Release|x64
		{C71EDA15-104A-425F-9BAA-52C55F0E420F}.Debug|ARM.ActiveCfg = Debug|ARM
		{C71EDA15-104A-425F-9BAA-52C55F0E420F}.Debug|ARM.Build.0 = Debug|ARM
		{C71EDA15-104A-425F-9BAA-52C55F0E420F}.Debug|ARM64.ActiveCfg = Debug|ARM64
		{C71EDA15-104A-425F-9BAA-52C55F0E420F}.Debug|ARM64.Build.0 = Debug|ARM64
		{C71EDA15-104A-425F-9BAA-52C55F0E420F}.Debug|Win32.ActiveCfg = Debug|Win32
		{C71EDA15-104A-425F-9BAA-52C55F0E420F}.Debug|Win32.Build.0 = Debug|Win32
		{C71EDA15-104A-425F-9BAA-52C55F0E420F}.Debug|x64.ActiveCfg = Debug|x64
		{C71EDA15-104A-425F-9BAA-52C55F0E420F}.Debug|x64.Build.0 = Debug|x64
		{C71EDA15-104A-425F-9BAA-52C55F0E420F}.Release|ARM.ActiveCfg = Release|ARM
		{C71EDA15-104A-425F-9BAA-52C55F0E420F}.Release|ARM.Build.0 = Release|ARM
		{C71EDA15-104A-425F-9BAA-52C55F0E420F}.Release|ARM64.ActiveCfg = Release|ARM64
		{C71EDA15-104A-425F-9BAA-52C55F0E420F}.Release|ARM64.Build.0 = Release|ARM64
		{C71EDA15-104A-425F-9BAA-52C55F0E420F}.Release|Win32.ActiveCfg = Release|Win32
		{C71EDA15-104A-425F-9BAA-52C55F0E420F}.Release|Win32.Build.0 = Release|Win32
		{C71EDA15-104A-425F-9BAA-52C55F0E420F}.Release|x64.ActiveCfg = Release|x64
		{C71EDA15-104A-425F-9BAA-52C55F0E420F}.Release|x64.Build.0 = Release|x64
		{9F8EDBEB-55C5-4DD5-890B-9A5E9D084DFE}.Debug|ARM.ActiveCfg = Debug|ARM
		{9F8EDBEB-55C5-4DD5-890B-9A5E9D084DFE}.Debug|ARM.Build.0 = Debug|ARM
		{9F8EDBEB-55C5-4DD5-890B-9A5E9D084DFE}.Debug|ARM64.ActiveCfg = Debug|ARM64
		{9F8EDBEB-55C5-4DD5-890B-9A5E9D084DFE}.Debug|ARM64.Build.0 = Debug|ARM64
		{9F8EDBEB-55C5-4DD5-890B-9A5E9D084DFE}.Debug|Win32.ActiveCfg = Debug|Win32
		{9F8EDBEB-55C5-4DD5-890B-9A5E9D084DFE}.Debug|Win32.Build.0 = Debug|Win32
		{9F8EDBEB-55C5-4DD5-890B-9A5E9D084DFE}.Debug|x64.ActiveCfg = Debug|x64
		{9F8EDBEB-55C5-4DD5-890B-9A5E9D084DFE}.Debug|x64.Build.0 = Debug|x64
		{9F8EDBEB-55C5-4DD5-890B-9A5E9D084DFE}.Release|ARM.ActiveCfg = Release|ARM
		{9F8EDBEB-55C5-4DD5-890B-9A5E9D084DFE}.Release|ARM.Build.0 = Release|ARM
		{9F8EDBEB-55C5-4DD5-890B-9A5E9D084DFE}.Release|ARM64.ActiveCfg = Release|ARM64
		{9F8EDBEB-55C5-4DD5-890B-9A5E9D084DFE}.Release|ARM64.Build.0 = Release|ARM64
		{9F8EDBEB-55C5-4DD5-890B-9A5E9D084DFE}.Release|Win32.ActiveCfg = Release|Win32
		{9F8EDBEB-55C5-4DD5-890B-9A5E9D084DFE}.Release|Win32.Build.0 = Release|Win32
		{9F8EDBEB-55C5-4DD5-890B-9A5E9D084DFE}.Release|x64.ActiveCfg = Release|x64
		{9F8EDBEB-55C5-4DD5-890B-9A5E9D084DFE}.Release|x64.Build.0 = Release|x64
		{6B6FA6F8-1C5C-45E8-8520-45580A8F4309}.Debug|ARM.ActiveCfg = Debug|ARM
		{6B6FA6F8-1C5C-45E8-8520-45580A8F4309}.Debug|ARM.Build.0 = Debug|ARM
		{6B6FA6F8-1C5C-45E8-8520-45580A8F4309}.Debug|ARM64.ActiveCfg = Debug|ARM64
		{6B6FA6F8-1C5C-45E8-8520-45580A8F4309}.Debug|ARM64.Build.0 = Debug|ARM64
		{6B6FA6F8-1C5C-45E8-8520-45580A8F4309}.Debug|Win32.ActiveCfg = Debug|Win32
		{6B6FA6F8-1C5C-45E8-8520-45580A8F4309}.Debug|Win32.Build.0 = Debug|Win32
		{6B6FA6F8-1C5C-45E8-8520-45580A8F4309}.Debug|x64.ActiveCfg = Debug|x64
		{6B6FA6F8-1C5C-45E8-8520-45580A8F4309}.Debug|x64.Build.0 = Debug|x64
		{6B6FA6F8-1C5C-45E8-8520-45580A8F4309}.Release|ARM.ActiveCfg = Release|ARM
		{6B6FA6F8-1C5C-45E8-8520-45580A8F4309}.Release|ARM.Build.0 = Release|ARM
		{6B6FA6F8-1C5C-45E8-8520-45580A8F4309}.Release|ARM64.ActiveCfg = Release|ARM64
		{6B6FA6F8-1C5C-45E8-8520-45580A8F4309}.Release|ARM64.Build.0 = Release|ARM64
		{6B6FA6F8-1C5C-45E8-8520-45580A8F4309}.Release|Win32.ActiveCfg = Release|Win32
		{6B6FA6F8-1C5C-45E8-8520-45580A8F4309}.Release|Win32.Build.0 = Release|Win32
		{6B6FA6F8-1C5C-45E8-8520-45580A8F4309}.Release|x64.ActiveCfg = Release|x64
		{6B6FA6F8-1C5C-45E8-8520-45580A8F4309}.Release|x64.Build.0 = Release|x64
		{CDF9B29E-9CC8-4541-8608-D55537E59851}.Debug|ARM.ActiveCfg = Debug|ARM
		{CDF9B29E-9CC8-4541-8608-D55537E59851}.Debug|ARM.Build.0 = Debug|ARM
		{CDF9B29E-9CC8-4541-8608-D55537E59851}.Debug|ARM64.ActiveCfg = Debug|ARM64
		{CDF9B29E-9CC8-4541-8608-D55537E59851}.Debug|ARM64.Build.0 = Debug|ARM64
		{CDF9B29E-9CC8-4541-8608-D55537E59851}.Debug|Win32.ActiveCfg = Debug|Win32
		{CDF9B29E-9CC8-4541-8608-D55537E59851}.Debug|Win32.Build.0 = Debug|Win32
		{CDF9B29E-9CC8-4541-8608-D55537E59851}.Debug|x64.ActiveCfg = Debug|x64
		{CDF9B29E-9CC8-4541-8608-D55537E59851}.Debug|x64.Build.0 = Debug|x64
		{CDF9B29E-9CC8-4541-8608-D55537E59851}.Release|ARM.ActiveCfg = Release|ARM
		{CDF9B29E-9CC8-4541-8608-D55537E59851}.Release|ARM.Build.0 = Release|ARM
		{CDF9B29E-9CC8-4541-8608-D55537E59851}.Release|ARM64.ActiveCfg = Release|ARM64
		{CDF9B29E-9CC8-4541-8608-D55537E59851}.Release|ARM64.Build.0 = Release|ARM64
		{CDF9B29E-9CC8-4541-8608-D55537E59851}.Release|Win32.ActiveCfg = Release|Win32
		{CDF9B29E-9CC8-4541-8608-D55537E59851}.Release|Win32.Build.0 = Release|Win32
		{CDF9B29E-9CC8-4541-8608-D55537E59851}.Release|x64.ActiveCfg = Release|x64
		{CDF9B29E-9CC8-4541-8608-D55537E59851}.Release|x64.Build.0 = Release|x64
		{4300D238-7637-4BC4-925F-6D55072D9E24}.Debug|ARM.ActiveCfg = Debug|ARM
		{4300D238-7637-4BC4-925F-6D55072D9E24}.Debug|ARM.Build.0 = Debug|ARM
		{4300D238-7637-4BC4-925F-6D55072D9E24}.Debug|ARM64.ActiveCfg = Debug|ARM64
		{4300D238-7637-4BC4-925F-6D55072D9E24}.Debug|ARM64.Build.0 = Debug|ARM64
		{4300D238-7637-4BC4-925F-6D55072D9E24}.Debug|Win32.ActiveCfg = Debug|Win32
		{4300D238-7637-4BC4-925F-6D55072D9E24}.Debug|Win32.Build.0 = Debug|Win32
		{4300D238-7637-4BC4-925F-6D55072D9E24}.Debug|x64.ActiveCfg = Debug|x64
		{4300D238-7637-4BC4-925F-6D55072D9E24}.Debug|x64.Build.0 = Debug|x64
		{4300D238-7637-4BC4-925F-6D55072D9E24}.Release|ARM.ActiveCfg = Release|ARM
		{4300D238-7637-4BC4-925F-6D55072D9E24}.Release|ARM.Build.0 = Release|ARM
		{4300D238-7637-4BC4-925F-6D55072D9E24}.Release|ARM64.ActiveCfg = Release|ARM64
		{4300D238-7637-4BC4-925F-6D55072D9E24}.Release|ARM64.Build.0 = Release|ARM64
		{4300D238-7637-4BC4-925F-6D55072D9E24}.Release|Win32.ActiveCfg = Release|Win32
		{4300D238-7637-4BC4-925F-6D55072D9E24}.Release|Win32.Build.0 = Release|Win32
		{4300D238-7637-4BC4-925F-6D55072D9E24}.Release|x64.ActiveCfg = Release|x64
		{4300D238-7637-4BC4-925F-6D55072D9E24}.Release|x64.Build.0 = Release|x64
		{AE54F504-EB7F-4450-9794-4F107F5A70A0}.Debug|ARM.ActiveCfg = Debug|ARM
		{AE54F504-EB7F-4450-9794-4F107F5A70A0}.Debug|ARM.Build.0 = Debug|ARM
		{AE54F504-EB7F-4450-9794-4F107F5A70A0}.Debug|ARM64.ActiveCfg = Debug|ARM64
		{AE54F504-EB7F-4450-9794-4F107F5A70A0}.Debug|ARM64.Build.0 = Debug|ARM64
		{AE54F504-EB7F-4450-9794-4F107F5A70A0}.Debug|Win32.ActiveCfg = Debug|Win32
		{AE54F504-EB7F-4450-9794-4F107F5A70A0}.Debug|Win32.Build.0 = Debug|Win32
		{AE54F504-EB7F-4450-9794-4F107F5A70A0}.Debug|x64.ActiveCfg = Debug|x64
		{AE54F504-EB7F-4450-9794-4F107F5A70A0}.Debug|x64.Build.0 = Debug|x64
		{AE54F504-EB7F-4450-9794-4F107F5A70A0}.Release|ARM.ActiveCfg = Release|ARM
		{AE54F504-EB7F-4450-9794-4F107F5A70A0}.Release|ARM.Build.0 = Release|ARM
		{AE54F504-EB7F-4450-9794-4F107F5A70A0}.Release|ARM64.ActiveCfg = Release|ARM64
		{AE54F504-EB7F-4450-9794-4F107F5A70A0}.Release|ARM64.Build.0 = Release|ARM64
		{AE54F504-EB7F-4450-9794-4F107F5A70A0}.Release|Win32.ActiveCfg = Release|Win32
		{AE54F504-EB7F-4450-9794-4F107F5A70A0}.Release|Win32.Build.0 = Release|Win32
		{AE54F504-EB7F-4450-9794-4F107F5A70A0}.Release|x64.ActiveCfg = Release|x64
		{AE54F504-EB7F-4450-9794-4F107F5A70A0}.Release|x64.Build.0 = Release|x64
		{B030CF84-47CA-4A0A-85E7-141C8C08C962}.Debug|ARM.ActiveCfg = Debug|ARM
		{B030CF84-47CA-4A0A-85E7-141C8C08C962}.Debug|ARM.Build.0 = Debug|ARM
		{B030CF84-47CA-4A0A-85E7-141C8C08C962}.Debug|ARM64.ActiveCfg = Debug|ARM64
		{B030CF84-47CA-4A0A-85E7-141C8C08C962}.Debug|ARM64.Build.0 = Debug|ARM64
		{B030CF84-47CA-4A0A-85E7-141C8C08C962}.Debug|Win32.ActiveCfg = Debug|Win32
		{B030CF84-47CA-4A0A-85E7-141C8C08C962}.Debug|Win32.Build.0 = Debug|Win32
		{B030CF84-47CA-4A0A-85E7-141C8C08C962}.Debug|x64.ActiveCfg = Debug|x64
		{B030CF84-47CA-4A0A-85E7-141C8C08C962}.Debug|x64.Build.0 = Debug|x64
		{B030CF84-47CA-4A0A-85E7-141C8C08C962}.Release|ARM.ActiveCfg = Release|ARM
		{B030CF84-47CA-4A0A-85E7-141C8C08C962}.Release|ARM.Build.0 = Release|ARM
		{B030CF84-47CA-4A0A-85E7-141C8C08C962}.Release|ARM64.ActiveCfg = Release|ARM64
		{B030CF84-47CA-4A0A-85E7-141C8C08C962}.Release|ARM64.Build.0 = Release|ARM64
		{B030CF84-47CA-4A0A-85E7-141C8C08C962}.Release|Win32.ActiveCfg = Release|Win32
		{B030CF84-47CA-4A0A-85E7-141C8C08C962}.Release|Win32.Build.0 = Release|Win32
		{B030CF84-47CA-4A0A-85E7-141C8C08C962}.Release|x64.ActiveCfg = Release|x64
		{B030CF84-47CA-4A0A-85E7-141C8C08C962}.Release|x64.Build.0 = Release|x64
		{DDB5C628-FC2C-4411-AB99-5EF948A760A1}.Debug|ARM.ActiveCfg = Debug|ARM
		{DDB5C628-FC2C-4411-AB99-5EF948A760A1}.Debug|ARM.Build.0 = Debug|ARM
		{DDB5C628-FC2C-4411-AB99-5EF948A760A1}.Debug|ARM64.ActiveCfg = Debug|ARM64
		{DDB5C628-FC2C-4411-AB99-5EF948A760A1}.Debug|ARM64.Build.0 = Debug|ARM64
		{DDB5C628-FC2C-4411-AB99-5EF948A760A1}.Debug|Win32.ActiveCfg = Debug|Win32
		{DDB5C628-FC2C-4411-AB99-5EF948A760A1}.Debug|Win32.Build.0 = Debug|Win32
		{DDB5C628-FC2C-4411-AB99-5EF948A760A1}.Debug|x64.ActiveCfg = Debug|x64
		{DDB5C628-FC2C-4411-AB99-5EF948A760A1}.Debug|x64.Build.0 = Debug|x64
		{DDB5C628-FC2C-4411-AB99-5EF948A760A1}.Release|ARM.ActiveCfg = Release|ARM
		{DDB5C628-FC2C-4411-AB99-5EF948A760A1}.Release|ARM.Build.0 = Release|ARM
		{DDB5C628-FC2C-4411-AB99-5EF948A760A1}.Release|ARM64.ActiveCfg = Release|ARM64
		{DDB5C628-FC2C-4411-AB99-5EF948A760A1}.Release|ARM64.Build.0 = Release|ARM64
		{DDB5C628-FC2C-4411-AB99-5EF948A760A1}.Release|Win32.ActiveCfg = Release|Win32
		{DDB5C628-FC2C-4411-AB99-5EF948A760A1}.Release|Win32.Build.0 = Release|Win32
		{DDB5C628-FC2C-4411-AB99-5EF948A760A1}.Release|x64.ActiveCfg = Release|x64
		{DDB5C628-FC2C-4411-AB99-5EF948A760A1}.Release|x64.Build.0 = Release|x64
		{6A449D8A-BCAC-4F3B-8328-F95B87FF9C08}.Debug|ARM.ActiveCfg = Debug|ARM
		{6A449D8A-BCAC-4F3B-8328-F95B87FF9C08}.Debug|ARM.Build.0 = Debug|ARM
		{6A449D8A-BCAC-4F3B-8328-F95B87FF9C08}.Debug|ARM64.ActiveCfg = Debug|ARM64
		{6A449D8A-BCAC-4F3B-8328-F95B87FF9C08}.Debug|ARM64.Build.0 = Debug|ARM64
		{6A449D8A-BCAC-4F3B-8328-F95B87FF9C08}.Debug|Win32.ActiveCfg = Debug|Win32
		{6A449D8A-BCAC-4F3B-8328-F95B87FF9C08}.Debug|Win32.Build.0 = Debug|Win32
		{6A449D8A-BCAC-4F3B-8328-F95B87FF9C08}.Debug|x64.ActiveCfg = Debug|x64
		{6A449D8A-BCAC-4F3B-8328-F95B87FF9C08}.Debug|x64.Build.0 = Debug|x64
		{6A449D8A-BCAC-4F3B-8328-F95B87FF9C08}.Release|ARM.ActiveCfg = Release|ARM
		{6A449D8A-BCAC-4F3B-8328-F95B87FF9C08}.Release|ARM.Build.0 = Release|ARM
		{6A449D8A-BCAC-4F3B-8328-F95B87FF9C08}.Release|ARM64.ActiveCfg = Release|ARM64
		{6A449D8A-BCAC-4F3B-8328-F95B87FF9C08}.Release|ARM64.Build.0 = Release|ARM64
		{6A449D8A-BCAC-4F3B-8328-F95B87FF9C08}.Release|Win32.ActiveCfg = Release|Win32
		{6A449D8A-BCAC-4F3B-8328-F95B87FF9C08}.Release|Win32.Build.0 = Release|Win32
		{6A449D8A-BCAC-4F3B-8328-F95B87FF9C08}.Release|x64.ActiveCfg = Release|x64
		{6A449D8A-BCAC-4F3B-8328-F95B87FF9C08}.Release|x64.Build.0 = Release|x64
		{820CB7BA-FAD0-40FF-A64B-B73D1F3B8E43}.Debug|ARM.ActiveCfg = Debug|ARM
		{820CB7BA-FAD0-40FF-A64B-B73D1F3B8E43}.Debug|ARM.Build.0 = Debug|ARM
		{820CB7BA-FAD0-40FF-A64B-B73D1F3B8E43}.Debug|ARM64.ActiveCfg = Debug|ARM64
		{820CB7BA-FAD0-40FF-A64B-B73D1F3B8E43}.Debug|ARM64.Build.0 = Debug|ARM64
		{820CB7BA-FAD0-40FF-A64B-B73D1F3B8E43}.Debug|Win32.ActiveCfg = Debug|Win32
		{820CB7BA-FAD0-40FF-A64B-B73D1F3B8E43}.Debug|Win32.Build.0 = Debug|Win32
		{820CB7BA-FAD0-40FF-A64B-B73D1F3B8E43}.Debug|x64.ActiveCfg = Debug|x64
		{820CB7BA-FAD0-40FF-A64B-B73D1F3B8E43}.Debug|x64.Build.0 = Debug|x64
		{820CB7BA-FAD0-40FF-A64B-B73D1F3B8E43}.Release|ARM.ActiveCfg = Release|ARM
		{820CB7BA-FAD0-40FF-A64B-B73D1F3B8E43}.Release|ARM.Build.0 = Release|ARM
		{820CB7BA-FAD0-40FF-A64B-B73D1F3B8E43}.Release|ARM64.ActiveCfg = Release|ARM64
		{820CB7BA-FAD0-40FF-A64B-B73D1F3B8E43}.Release|ARM64.Build.0 = Release|ARM64
		{820CB7BA-FAD0-40FF-A64B-B73D1F3B8E43}.Release|Win32.ActiveCfg = Release|Win32
		{820CB7BA-FAD0-40FF-A64B-B73D1F3B8E43}.Release|Win32.Build.0 = Release|Win32
		{820CB7BA-FAD0-40FF-A64B-B73D1F3B8E43}.Release|x64.ActiveCfg = Release|x64
		{820CB7BA-FAD0-40FF-A64B-B73D1F3B8E43}.Release|x64.Build.0 = Release|x64
		{7E9181C5-D8B7-44FD-B9A0-58000B0D4E6E}.Debug|ARM.ActiveCfg = Debug|ARM
		{7E9181C5-D8B7-44FD-B9A0-58000B0D4E6E}.Debug|ARM.Build.0 = Debug|ARM
		{7E9181C5-D8B7-44FD-B9A0-58000B0D4E6E}.Debug|ARM64.ActiveCfg = Debug|ARM64
		{7E9181C5-D8B7-44FD-B9A0-58000B0D4E6E}.Debug|ARM64.Build.0 = Debug|ARM64
		{7E9181C5-D8B7-44FD-B9A0-58000B0D4E6E}.Debug|Win32.ActiveCfg = Debug|Win32
		{7E9181C5-D8B7-44FD-B9A0-58000B0D4E6E}.Debug|Win32.Build.0 = Debug|Win32
		{7E9181C5-D8B7-44FD-B9A0-58000B0D4E6E}.Debug|x64.ActiveCfg = Debug|x64
		{7E9181C5-D8B7-44FD-B9A0-58000B0D4E6E}.Debug|x64.Build.0 = Debug|x64
		{7E9181C5-D8B7-44FD-B9A0-58000B0D4E6E}.Release|ARM.ActiveCfg = Release|ARM
		{7E9181C5-D8B7-44FD-B9A0-58000B0D4E6E}.Release|ARM.Build.0 = Release|ARM
		{7E9181C5-D8B7-44FD-B9A0-58000B0D4E6E}.Release|ARM64.ActiveCfg = Release|ARM64
		{7E9181C5-D8B7-44FD-B9A0-58000B0D4E6E}.Release|ARM64.Build.0 = Release|ARM64
		{7E9181C5-D8B7-44FD-B9A0-58000B0D4E6E}.Release|Win32.ActiveCfg = Release|Win32
		{7E9181C5-D8B7-44FD-B9A0-58000B0D4E6E}.Release|Win32.Build.0 = Release|Win32
		{7E9181C5-D8B7-44FD-B9A0-58000B0D4E6E}.Release|x64.ActiveCfg = Release|x64
		{7E9181C5-D8B7-44FD-B9A0-58000B0D4E6E}.Release|x64.Build.0 = Release|x64
		{E35F7BE8-AEC9-42A9-9CC0-10F069C6D4F2}.Debug|ARM.ActiveCfg = Debug|ARM
		{E35F7BE8-AEC9-42A9-9CC0-10F069C6D4F2}.Debug|ARM.Build.0 = Debug|ARM
		{E35F7BE8-AEC9-42A9-9CC0-10F069C6D4F2}.Debug|ARM64.ActiveCfg = Debug|ARM64
		{E35F7BE8-AEC9-42A9-9CC0-10F069C6D4F2}.Debug|ARM64.Build.0 = Debug|ARM64
		{E35F7BE8-AEC9-42A9-9CC0-10F069C6D4F2}.Debug|Win32.ActiveCfg = Debug|Win32
		{E35F7BE8-AEC9-42A9-9CC0-10F069C6D4F2}.Debug|Win32.Build.0 = Debug|Win32
		{E35F7BE8-AEC9-42A9-9CC0-10F069C6D4F2}.Debug|x64.ActiveCfg = Debug|x64
		{E35F7BE8-AEC9-42A9-9CC0-10F069C6D4F2}.Debug|x64.Build.0 = Debug|x64
		{E35F7BE8-AEC9-42A9-9CC0-10F069C6D4F2}.Release|ARM.ActiveCfg = Release|ARM
		{E35F7BE8-AEC9-42A9-9CC0-10F069C6D4F2}.Release|ARM.Build.0 = Release|ARM
		{E35F7BE8-AEC9-42A9-9CC0-10F069C6D4F2}.Release|ARM64.ActiveCfg = Release|ARM64
		{E35F7BE8-AEC9-42A9-9CC0-10F069C6D4F2}.Release|ARM64.Build.0 = Release|ARM64
		{E35F7BE8-AEC9-42A9-9CC0-10F069C6D4F2}.Release|Win32.ActiveCfg = Release|Win32
		{E35F7BE8-AEC9-42A9-9CC0-10F069C6D4F2}.Release|Win32.Build.0 = Release|Win32
		{E35F7BE8-AEC9-42A9-9CC0-10F069C6D4F2}.Release|x64.ActiveCfg = Release|x64
		{E35F7BE8-AEC9-42A9-9CC0-10F069C6D4F2}.Release|x64.Build.0 = Release|x64
		{39137E36-FBA8-417A-9EF5-3BD1C3351D25}.Debug|ARM.ActiveCfg = Debug|ARM
		{39137E36-FBA8-417A-9EF5-3BD1C3351D25}.Debug|ARM.Build.0 = Debug|ARM
		{39137E36-FBA8-417A-9EF5-3BD1C3351D25}.Debug|ARM64.ActiveCfg = Debug|ARM64
		{39137E36-FBA8-417A-9EF5-3BD1C3351D25}.Debug|ARM64.Build.0 = Debug|ARM64
		{39137E36-FBA8-417A-9EF5-3BD1C3351D25}.Debug|Win32.ActiveCfg = Debug|Win32
		{39137E36-FBA8-417A-9EF5-3BD1C3351D25}.Debug|Win32.Build.0 = Debug|Win32
		{39137E36-FBA8-417A-9EF5-3BD1C3351D25}.Debug|x64.ActiveCfg = Debug|x64
		{39137E36-FBA8-417A-9EF5-3BD1C3351D25}.Debug|x64.Build.0 = Debug|x64
		{39137E36-FBA8-417A-9EF5-3BD1C3351D25}.Release|ARM.ActiveCfg = Release|ARM
		{39137E36-FBA8-417A-9EF5-3BD1C3351D25}.Release|ARM.Build.0 = Release|ARM
		{39137E36-FBA8-417A-9EF5-3BD1C3351D25}.Release|ARM64.ActiveCfg = Release|ARM64
		{39137E36-FBA8-417A-9EF5-3BD1C3351D25}.Release|ARM64.Build.0 = Release|ARM64
		{39137E36-FBA8-417A-9EF5-3BD1C3351D25}.Release|Win32.ActiveCfg = Release|Win32
		{39137E36-FBA8-417A-9EF5-3BD1C3351D25}.Release|Win32.Build.0 = Release|Win32
		{39137E36-FBA8-417A-9EF5-3BD1C3351D25}.Release|x64.ActiveCfg = Release|x64
		{39137E36-FBA8-417A-9EF5-3BD1C3351D25}.Release|x64.Build.0 = Release|x64
		{C3B54FF5-5DE3-4D05-B55E-86D0E097D8B3}.Debug|ARM.ActiveCfg = Debug|ARM
		{C3B54FF5-5DE3-4D05-B55E-86D0E097D8B3}.Debug|ARM.Build.0 = Debug|ARM
		{C3B54FF5-5DE3-4D05-B55E-86D0E097D8B3}.Debug|ARM64.ActiveCfg = Debug|ARM64
		{C3B54FF5-5DE3-4D05-B55E-86D0E097D8B3}.Debug|ARM64.Build.0 = Debug|ARM64
		{C3B54FF5-5DE3-4D05-B55E-86D0E097D8B3}.Debug|Win32.ActiveCfg = Debug|Win32
		{C3B54FF5-5DE3-4D05-B55E-86D0E097D8B3}.Debug|Win32.Build.0 = Debug|Win32
		{C3B54FF5-5DE3-4D05-B55E-86D0E097D8B3}.Debug|x64.ActiveCfg = Debug|x64
		{C3B54FF5-5DE3-4D05-B55E-86D0E097D8B3}.Debug|x64.Build.0 = Debug|x64
		{C3B54FF5-5DE3-4D05-B55E-86D0E097D8B3}.Release|ARM.ActiveCfg = Release|ARM
		{C3B54FF5-5DE3-4D05-B55E-86D0E097D8B3}.Release|ARM.Build.0 = Release|ARM
		{C3B54FF5-5DE3-4D05-B55E-86D0E097D8B3}.Release|ARM64.ActiveCfg = Release|ARM64
		{C3B54FF5-5DE3-4D05-B55E-86D0E097D8B3}.Release|ARM64.Build.0 = Release|ARM64
		{C3B54FF5-5DE3-4D05-B55E-86D0E097D8B3}.Release|Win32.ActiveCfg = Release|Win32
		{C3B54FF5-5DE3-4D05-B55E-86D0E097D8B3}.Release|Win32.Build.0 = Release|Win32
		{C3B54FF5-5DE3-4D05-B55E-86D0E097D8B3}.Release|x64.ActiveCfg = Release|x64
		{C3B54FF5-5DE3-4D05-B55E-86D0E097D8B3}.Release|x64.Build.0 = Release|x64
		{BCC2C781-C55E-488F-BDA3-9A4E4F4A73FF}.Debug|ARM.ActiveCfg = Debug|ARM
		{BCC2C781-C55E-488F-BDA3-9A4E4F4A73FF}.Debug|ARM.Build.0 = Debug|ARM
		{BCC2C781-C55E-488F-BDA3-9A4E4F4A73FF}.Debug|ARM64.ActiveCfg = Debug|ARM64
		{BCC2C781-C55E-488F-BDA3-9A4E4F4A73FF}.Debug|ARM64.Build.0 = Debug|ARM64
		{BCC2C781-C55E-488F-BDA3-9A4E4F4A73FF}.Debug|Win32.ActiveCfg = Debug|Win32
		{BCC2C781-C55E-488F-BDA3-9A4E4F4A73FF}.Debug|Win32.Build.0 = Debug|Win32
		{BCC2C781-C55E-488F-BDA3-9A4E4F4A73FF}.Debug|x64.ActiveCfg = Debug|x64
		{BCC2C781-C55E-488F-BDA3-9A4E4F4A73FF}.Debug|x64.Build.0 = Debug|x64
		{BCC2C781-C55E-488F-BDA3-9A4E4F4A73FF}.Release|ARM.ActiveCfg = Release|ARM
		{BCC2C781-C55E-488F-BDA3-9A4E4F4A73FF}.Release|ARM.Build.0 = Release|ARM
		{BCC2C781-C55E-488F-BDA3-9A4E4F4A73FF}.Release|ARM64.ActiveCfg = Release|ARM64
		{BCC2C781-C55E-488F-BDA3-9A4E4F4A73FF}.Release|ARM64.Build.0 = Release|ARM64
		{BCC2C781-C55E-488F-BDA3-9A4E4F4A73FF}.Release|Win32.ActiveCfg = Release|Win32
		{BCC2C781-C55E-488F-BDA3-9A4E4F4A73FF}.Release|Win32.Build.0 = Release|Win32
		{BCC2C781-C55E-488F-BDA3-9A4E4F4A73FF}.Release|x64.ActiveCfg = Release|x64
		{BCC2C781-C55E-488F-BDA3-9A4E4F4A73FF}.Release|x64.Build.0 = Release|x64
		{59670036-7F5A-4814-862A-795EF0C808EC}.Debug|ARM.ActiveCfg = Debug|ARM
		{59670036-7F5A-4814-862A-795EF0C808EC}.Debug|ARM.Build.0 = Debug|ARM
		{59670036-7F5A-4814-862A-795EF0C808EC}.Debug|ARM64.ActiveCfg = Debug|ARM64
		{59670036-7F5A-4814-862A-795EF0C808EC}.Debug|ARM64.Build.0 = Debug|ARM64
		{59670036-7F5A-4814-862A-795EF0C808EC}.Debug|Win32.ActiveCfg = Debug|Win32
		{59670036-7F5A-4814-862A-795EF0C808EC}.Debug|Win32.Build.0 = Debug|Win32
		{59670036-7F5A-4814-862A-795EF0C808EC}.Debug|x64.ActiveCfg = Debug|x64
		{59670036-7F5A-4814-862A-795EF0C808EC}.Debug|x64.Build.0 = Debug|x64
		{59670036-7F5A-4814-862A-795EF0C808EC}.Release|ARM.ActiveCfg = Release|ARM
		{59670036-7F5A-4814-862A-795EF0C808EC}.Release|ARM.Build.0 = Release|ARM
		{59670036-7F5A-4814-862A-795EF0C808EC}.Release|ARM64.ActiveCfg = Release|ARM64
		{59670036-7F5A-4814-862A-795EF0C808EC}.Release|ARM64.Build.0 = Release|ARM64
		{59670036-7F5A-4814-862A-795EF0C808EC}.Release|Win32.ActiveCfg = Release|Win32
		{59670036-7F5A-4814-862A-795EF0C808EC}.Release|Win32.Build.0 = Release|Win32
		{59670036-7F5A-4814-862A-795EF0C808EC}.Release|x64.ActiveCfg = Release|x64
		{59670036-7F5A-4814-862A-795EF0C808EC}.Release|x64.Build.0 = Release|x64
		{65686BDB-BBCF-47DE-B1C1-B979F26295E6}.Debug|ARM.ActiveCfg = Debug|ARM
		{65686BDB-BBCF-47DE-B1C1-B979F26295E6}.Debug|ARM.Build.0 = Debug|ARM
		{65686BDB-BBCF-47DE-B1C1-B979F26295E6}.Debug|ARM64.ActiveCfg = Debug|ARM64
		{65686BDB-BBCF-47DE-B1C1-B979F26295E6}.Debug|ARM64.Build.0 = Debug|ARM64
		{65686BDB-BBCF-47DE-B1C1-B979F26295E6}.Debug|Win32.ActiveCfg = Debug|Win32
		{65686BDB-BBCF-47DE-B1C1-B979F26295E6}.Debug|Win32.Build.0 = Debug|Win32
		{65686BDB-BBCF-47DE-B1C1-B979F26295E6}.Debug|x64.ActiveCfg = Debug|x64
		{65686BDB-BBCF-47DE-B1C1-B979F26295E6}.Debug|x64.Build.0 = Debug|x64
		{65686BDB-BBCF-47DE-B1C1-B979F26295E6}.Release|ARM.ActiveCfg = Release|ARM
		{65686BDB-BBCF-47DE-B1C1-B979F26295E6}.Release|ARM.Build.0 = Release|ARM
		{65686BDB-BBCF-47DE-B1C1-B979F26295E6}.Release|ARM64.ActiveCfg = Release|ARM64
		{65686BDB-BBCF-47DE-B1C1-B979F26295E6}.Release|ARM64.Build.0 = Release|ARM64
		{65686BDB-BBCF-47DE-B1C1-B979F26295E6}.Release|Win32.ActiveCfg = Release|Win32
		{65686BDB-BBCF-47DE-B1C1-B979F26295E6}.Release|Win32.Build.0 = Release|Win32
		{65686BDB-BBCF-47DE-B1C1-B979F26295E6}.Release|x64.ActiveCfg = Release|x64
		{65686BDB-BBCF-47DE-B1C1-B979F26295E6}.Release|x64.Build.0 = Release|x64
		{CB45C553-5DDB-4EB5-BF1A-D9EC71847E0D}.Debug|ARM.ActiveCfg = Debug|ARM
		{CB45C553-5DDB-4EB5-BF1A-D9EC71847E0D}.Debug|ARM.Build.0 = Debug|ARM
		{CB45C553-5DDB-4EB5-BF1A-D9EC71847E0D}.Debug|ARM64.ActiveCfg = Debug|ARM64
		{CB45C553-5DDB-4EB5-BF1A-D9EC71847E0D}.Debug|ARM64.Build.0 = Debug|ARM64
		{CB45C553-5DDB-4EB5-BF1A-D9EC71847E0D}.Debug|Win32.ActiveCfg = Debug|Win32
		{CB45C553-5DDB-4EB5-BF1A-D9EC71847E0D}.Debug|Win32.Build.0 = Debug|Win32
		{CB45C553-5DDB-4EB5-BF1A-D9EC71847E0D}.Debug|x64.ActiveCfg = Debug|x64
		{CB45C553-5DDB-4EB5-BF1A-D9EC71847E0D}.Debug|x64.Build.0 = Debug|x64
		{CB45C553-5DDB-4EB5-BF1A-D9EC71847E0D}.Release|ARM.ActiveCfg = Release|ARM
		{CB45C553-5DDB-4EB5-BF1A-D9EC71847E0D}.Release|ARM.Build.0 = Release|ARM
		{CB45C553-5DDB-4EB5-BF1A-D9EC71847E0D}.Release|ARM64.ActiveCfg = Release|ARM64
		{CB45C553-5DDB-4EB5-BF1A-D9EC71847E0D}.Release|ARM64.Build.0 = Release|ARM64
		{CB45C553-5DDB-4EB5-BF1A-D9EC71847E0D}.Release|Win32.ActiveCfg = Release|Win32
		{CB45C553-5DDB-4EB5-BF1A-D9EC71847E0D}.Release|Win32.Build.0 = Release|Win32
		{CB45C553-5DDB-4EB5-BF1A-D9EC71847E0D}.Release|x64.ActiveCfg = Release|x64
		{CB45C553-5DDB-4EB5-BF1A-D9EC71847E0D}.Release|x64.Build.0 = Release|x64
		{0EE9ED52-FD17-4E40-9BB2-E6ADC257DA49}.Debug|ARM.ActiveCfg = Debug|ARM
		{0EE9ED52-FD17-4E40-9BB2-E6ADC257DA49}.Debug|ARM.Build.0 = Debug|ARM
		{0EE9ED52-FD17-4E40-9BB2-E6ADC257DA49}.Debug|ARM64.ActiveCfg = Debug|ARM64
		{0EE9ED52-FD17-4E40-9BB2-E6ADC257DA49}.Debug|ARM64.Build.0 = Debug|ARM64
		{0EE9ED52-FD17-4E40-9BB2-E6ADC257DA49}.Debug|Win32.ActiveCfg = Debug|Win32
		{0EE9ED52-FD17-4E40-9BB2-E6ADC257DA49}.Debug|Win32.Build.0 = Debug|Win32
		{0EE9ED52-FD17-4E40-9BB2-E6ADC257DA49}.Debug|x64.ActiveCfg = Debug|x64
		{0EE9ED52-FD17-4E40-9BB2-E6ADC257DA49}.Debug|x64.Build.0 = Debug|x64
		{0EE9ED52-FD17-4E40-9BB2-E6ADC257DA49}.Release|ARM.ActiveCfg = Release|ARM
		{0EE9ED52-FD17-4E40-9BB2-E6ADC257DA49}.Release|ARM.Build.0 = Release|ARM
		{0EE9ED52-FD17-4E40-9BB2-E6ADC257DA49}.Release|ARM64.ActiveCfg = Release|ARM64
		{0EE9ED52-FD17-4E40-9BB2-E6ADC257DA49}.Release|ARM64.Build.0 = Release|ARM64
		{0EE9ED52-FD17-4E40-9BB2-E6ADC257DA49}.Release|Win32.ActiveCfg = Release|Win32
		{0EE9ED52-FD17-4E40-9BB2-E6ADC257DA49}.Release|Win32.Build.0 = Release|Win32
		{0EE9ED52-FD17-4E40-9BB2-E6ADC257DA49}.Release|x64.ActiveCfg = Release|x64
		{0EE9ED52-FD17-4E40-9BB2-E6ADC257DA49}.Release|x64.Build.0 = Release|x64
		{4C15363E-47AF-4324-B148-E7816947E81A}.Debug|ARM.ActiveCfg = Debug|ARM
		{4C15363E-47AF-4324-B148-E7816947E81A}.Debug|ARM.Build.0 = Debug|ARM
		{4C15363E-47AF-4324-B148-E7816947E81A}.Debug|ARM64.ActiveCfg = Debug|ARM64
		{4C15363E-47AF-4324-B148-E7816947E81A}.Debug|ARM64.Build.0 = Debug|ARM64
		{4C15363E-47AF-4324-B148-E7816947E81A}.Debug|Win32.ActiveCfg = Debug|Win32
		{4C15363E-47AF-4324-B148-E7816947E81A}.Debug|Win32.Build.0 = Debug|Win32
		{4C15363E-47AF-4324-B148-E7816947E81A}.Debug|x64.ActiveCfg = Debug|x64
		{4C15363E-47AF-4324-B148-E7816947E81A}.Debug|x64.Build.0 = Debug|x64
		{4C15363E-47AF-4324-B148-E7816947E81A}.Release|ARM.ActiveCfg = Release|ARM
		{4C15363E-47AF-4324-B148-E7816947E81A}.Release|ARM.Build.0 = Release|ARM
		{4C15363E-47AF-4324-B148-E7816947E81A}.Release|ARM64.ActiveCfg = Release|ARM64
		{4C15363E-47AF-4324-B148-E7816947E81A}.Release|ARM64.Build.0 = Release|ARM64
		{4C15363E-47AF-4324-B148-E7816947E81A}.Release|Win32.ActiveCfg = Release|Win32
		{4C15363E-47AF-4324-B148-E7816947E81A}.Release|Win32.Build.0 = Release|Win32
		{4C15363E-47AF-4324-B148-E7816947E81A}.Release|x64.ActiveCfg = Release|x64
		{4C15363E-47AF-4324-B148-E7816947E81A}.Release|x64.Build.0 = Release|x64
		{CA3803D3-3FBB-4075-9754-603FF3EAE4E1}.Debug|ARM.ActiveCfg = Debug|ARM
		{CA3803D3-3FBB-4075-9754-603FF3EAE4E1}.Debug|ARM.Build.0 = Debug|ARM
		{CA3803D3-3FBB-4075-9754-603FF3EAE4E1}.Debug|ARM64.ActiveCfg = Debug|ARM64
		{CA3803D3-3FBB-4075-9754-603FF3EAE4E1}.Debug|ARM64.Build.0 = Debug|ARM64
		{CA3803D3-3FBB-4075-9754-603FF3EAE4E1}.Debug|Win32.ActiveCfg = Debug|Win32
		{CA3803D3-3FBB-4075-9754-603FF3EAE4E1}.Debug|Win32.Build.0 = Debug|Win32
		{CA3803D3-3FBB-4075-9754-603FF3EAE4E1}.Debug|x64.ActiveCfg = Debug|x64
		{CA3803D3-3FBB-4075-9754-603FF3EAE4E1}.Debug|x64.Build.0 = Debug|x64
		{CA3803D3-3FBB-4075-9754-603FF3EAE4E1}.Release|ARM.ActiveCfg = Release|ARM
		{CA3803D3-3FBB-4075-9754-603FF3EAE4E1}.Release|ARM.Build.0 = Release|ARM
		{CA3803D3-3FBB-4075-9754-603FF3EAE4E1}.Release|ARM64.ActiveCfg = Release|ARM64
		{CA3803D3-3FBB-4075-9754-603FF3EAE4E1}.Release|ARM64.Build.0 = Release|ARM64
		{CA3803D3-3FBB-4075-9754-603FF3EAE4E1}.Release|Win32.ActiveCfg = Release|Win32
		{CA3803D3-3FBB-4075-9754-603FF3EAE4E1}.Release|Win32.Build.0 = Release|Win32
		{CA3803D3-3FBB-4075-9754-603FF3EAE4E1}.Release|x64.ActiveCfg = Release|x64
		{CA3803D3-3FBB-4075-9754-603FF3EAE4E1}.Release|x64.Build.0 = Release|x64
		{CC6C88E5-5802-4E41-9A48-BE2070E099E2}.Debug|ARM.ActiveCfg = Debug|ARM
		{CC6C88E5-5802-4E41-9A48-BE2070E099E2}.Debug|ARM.Build.0 = Debug|ARM
		{CC6C88E5-5802-4E41-9A48-BE2070E099E2}.Debug|ARM64.ActiveCfg = Debug|ARM64
		{CC6C88E5-5802-4E41-9A48-BE2070E099E2}.Debug|ARM64.Build.0 = Debug|ARM64
		{CC6C88E5-5802-4E41-9A48-BE2070E099E2}.Debug|Win32.ActiveCfg = Debug|Win32
		{CC6C88E5-5802-4E41-9A48-BE2070E099E2}.Debug|Win32.Build.0 = Debug|Win32
		{CC6C88E5-5802-4E41-9A48-BE2070E099E2}.Debug|x64.ActiveCfg = Debug|x64
		{CC6C88E5-5802-4E41-9A48-BE2070E099E2}.Debug|x64.Build.0 = Debug|x64
		{CC6C88E5-5802-4E41-9A48-BE2070E099E2}.Release|ARM.ActiveCfg = Release|ARM
		{CC6C88E5-5802-4E41-9A48-BE2070E099E2}.Release|ARM.Build.0 = Release|ARM
		{CC6C88E5-5802-4E41-9A48-BE2070E099E2}.Release|ARM64.ActiveCfg = Release|ARM64
		{CC6C88E5-5802-4E41-9A48-BE2070E099E2}.Release|ARM64.Build.0 = Release|ARM64
		{CC6C88E5-5802-4E41-9A48-BE2070E099E2}.Release|Win32.ActiveCfg = Release|Win32
		{CC6C88E5-5802-4E41-9A48-BE2070E099E2}.Release|Win32.Build.0 = Release|Win32
		{CC6C88E5-5802-4E41-9A48-BE2070E099E2}.Release|x64.ActiveCfg = Release|x64
		{CC6C88E5-5802-4E41-9A48-BE2070E099E2}.Release|x64.Build.0 = Release|x64
		{543C6495-68AE-4B09-99BD-EA4DC6BE67AB}.Debug|ARM.ActiveCfg = Debug|ARM
		{543C6495-68AE-4B09-99BD-EA4DC6BE67AB}.Debug|ARM.Build.0 = Debug|ARM
		{543C6495-68AE-4B09-99BD-EA4DC6BE67AB}.Debug|ARM64.ActiveCfg = Debug|ARM64
		{543C6495-68AE-4B09-99BD-EA4DC6BE67AB}.Debug|ARM64.Build.0 = Debug|ARM64
		{543C6495-68AE-4B09-99BD-EA4DC6BE67AB}.Debug|Win32.ActiveCfg = Debug|Win32
		{543C6495-68AE-4B09-99BD-EA4DC6BE67AB}.Debug|Win32.Build.0 = Debug|Win32
		{543C6495-68AE-4B09-99BD-EA4DC6BE67AB}.Debug|x64.ActiveCfg = Debug|x64
		{543C6495-68AE-4B09-99BD-EA4DC6BE67AB}.Debug|x64.Build.0 = Debug|x64
		{543C6495-68AE-4B09-99BD-EA4DC6BE67AB}.Release|ARM.ActiveCfg = Release|ARM
		{543C6495-68AE-4B09-99BD-EA4DC6BE67AB}.Release|ARM.Build.0 = Release|ARM
		{543C6495-68AE-4B09-99BD-EA4DC6BE67AB}.Release|ARM64.ActiveCfg = Release|ARM64
		{543C6495-68AE-4B09-99BD-EA4DC6BE67AB}.Release|ARM64.Build.0 = Release|ARM64
		{543C6495-68AE-4B09-99BD-EA4DC6BE67AB}.Release|Win32.ActiveCfg = Release|Win32
		{543C6495-68AE-4B09-99BD-EA4DC6BE67AB}.Release|Win32.Build.0 = Release|Win32
		{543C6495-68AE-4B09-99BD-EA4DC6BE67AB}.Release|x64.ActiveCfg = Release|x64
		{543C6495-68AE-4B09-99BD-EA4DC6BE67AB}.Release|x64.Build.0 = Release|x64
		{65B74332-426F-4F63-9CA6-39E6473CF51F}.Debug|ARM.ActiveCfg = Debug|ARM
		{65B74332-426F-4F63-9CA6-39E6473CF51F}.Debug|ARM.Build.0 = Debug|ARM
		{65B74332-426F-4F63-9CA6-39E6473CF51F}.Debug|ARM64.ActiveCfg = Debug|ARM64
		{65B74332-426F-4F63-9CA6-39E6473CF51F}.Debug|ARM64.Build.0 = Debug|ARM64
		{65B74332-426F-4F63-9CA6-39E6473CF51F}.Debug|Win32.ActiveCfg = Debug|Win32
		{65B74332-426F-4F63-9CA6-39E6473CF51F}.Debug|Win32.Build.0 = Debug|Win32
		{65B74332-426F-4F63-9CA6-39E6473CF51F}.Debug|x64.ActiveCfg = Debug|x64
		{65B74332-426F-4F63-9CA6-39E6473CF51F}.Debug|x64.Build.0 = Debug|x64
		{65B74332-426F-4F63-9CA6-39E6473CF51F}.Release|ARM.ActiveCfg = Release|ARM
		{65B74332-426F-4F63-9CA6-39E6473CF51F}.Release|ARM.Build.0 = Release|ARM
		{65B74332-426F-4F63-9CA6-39E6473CF51F}.Release|ARM64.ActiveCfg = Release|ARM64
		{65B74332-426F-4F63-9CA6-39E6473CF51F}.Release|ARM64.Build.0 = Release|ARM64
		{65B74332-426F-4F63-9CA6-39E6473CF51F}.Release|Win32.ActiveCfg = Release|Win32
		{65B74332-426F-4F63-9CA6-39E6473CF51F}.Release|Win32.Build.0 = Release|Win32
		{65B74332-426F-4F63-9CA6-39E6473CF51F}.Release|x64.ActiveCfg = Release|x64
		{65B74332-426F-4F63-9CA6-39E6473CF51F}.Release|x64.Build.0 = Release|x64
		{6685A4AD-946F-4FBA-9D31-01FE8B171515}.Debug|ARM.ActiveCfg = Debug|ARM
		{6685A4AD-946F-4FBA-9D31-01FE8B171515}.Debug|ARM.Build.0 = Debug|ARM
		{6685A4AD-946F-4FBA-9D31-01FE8B171515}.Debug|ARM64.ActiveCfg = Debug|ARM64
		{6685A4AD-946F-4FBA-9D31-01FE8B171515}.Debug|ARM64.Build.0 = Debug|ARM64
		{6685A4AD-946F-4FBA-9D31-01FE8B171515}.Debug|Win32.ActiveCfg = Debug|Win32
		{6685A4AD-946F-4FBA-9D31-01FE8B171515}.Debug|Win32.Build.0 = Debug|Win32
		{6685A4AD-946F-4FBA-9D31-01FE8B171515}.Debug|x64.ActiveCfg = Debug|x64
		{6685A4AD-946F-4FBA-9D31-01FE8B171515}.Debug|x64.Build.0 = Debug|x64
		{6685A4AD-946F-4FBA-9D31-01FE8B171515}.Release|ARM.ActiveCfg = Release|ARM
		{6685A4AD-946F-4FBA-9D31-01FE8B171515}.Release|ARM.Build.0 = Release|ARM
		{6685A4AD-946F-4FBA-9D31-01FE8B171515}.Release|ARM64.ActiveCfg = Release|ARM64
		{6685A4AD-946F-4FBA-9D31-01FE8B171515}.Release|ARM64.Build.0 = Release|ARM64
		{6685A4AD-946F-4FBA-9D31-01FE8B171515}.Release|Win32.ActiveCfg = Release|Win32
		{6685A4AD-946F-4FBA-9D31-01FE8B171515}.Release|Win32.Build.0 = Release|Win32
		{6685A4AD-946F-4FBA-9D31-01FE8B171515}.Release|x64.ActiveCfg = Release|x64
		{6685A4AD-946F-4FBA-9D31-01FE8B171515}.Release|x64.Build.0 = Release|x64
		{9F001C17-A46F-4A91-B31E-B2155211E533}.Debug|ARM.ActiveCfg = Debug|ARM
		{9F001C17-A46F-4A91-B31E-B2155211E533}.Debug|ARM.Build.0 = Debug|ARM
		{9F001C17-A46F-4A91-B31E-B2155211E533}.Debug|ARM64.ActiveCfg = Debug|ARM64
		{9F001C17-A46F-4A91-B31E-B2155211E533}.Debug|ARM64.Build.0 = Debug|ARM64
		{9F001C17-A46F-4A91-B31E-B2155211E533}.Debug|Win32.ActiveCfg = Debug|Win32
		{9F001C17-A46F-4A91-B31E-B2155211E533}.Debug|Win32.Build.0 = Debug|Win32
		{9F001C17-A46F-4A91-B31E-B2155211E533}.Debug|x64.ActiveCfg = Debug|x64
		{9F001C17-A46F-4A91-B31E-B2155211E533}.Debug|x64.Build.0 = Debug|x64
		{9F001C17-A46F-4A91-B31E-B2155211E533}.Release|ARM.ActiveCfg = Release|ARM
		{9F001C17-A46F-4A91-B31E-B2155211E533}.Release|ARM.Build.0 = Release|ARM
		{9F001C17-A46F-4A91-B31E-B2155211E533}.Release|ARM64.ActiveCfg = Release|ARM64
		{9F001C17-A46F-4A91-B31E-B2155211E533}.Release|ARM64.Build.0 = Release|ARM64
		{9F001C17-A46F-4A91-B31E-B2155211E533}.Release|Win32.ActiveCfg = Release|Win32
		{9F001C17-A46F-4A91-B31E-B2155211E533}.Release|Win32.Build.0 = Release|Win32
		{9F001C17-A46F-4A91-B31E-B2155211E533}.Release|x64.ActiveCfg = Release|x64
		{9F001C17-A46F-4A91-B31E-B2155211E533}.Release|x64.Build.0 = Release|x64
		{50AD6021-AFB1-4327-A2E2-78973F4CEFEC}.Debug|ARM.ActiveCfg = Debug|ARM
		{50AD6021-AFB1-4327-A2E2-78973F4CEFEC}.Debug|ARM.Build.0 = Debug|ARM
		{50AD6021-AFB1-4327-A2E2-78973F4CEFEC}.Debug|ARM64.ActiveCfg = Debug|ARM64
		{50AD6021-AFB1-4327-A2E2-78973F4CEFEC}.Debug|ARM64.Build.0 = Debug|ARM64
		{50AD6021-AFB1-4327-A2E2-78973F4CEFEC}.Debug|Win32.ActiveCfg = Debug|Win32
		{50AD6021-AFB1-4327-A2E2-78973F4CEFEC}.Debug|Win32.Build.0 = Debug|Win32
		{50AD6021-AFB1-4327-A2E2-78973F4CEFEC}.Debug|x64.ActiveCfg = Debug|x64
		{50AD6021-AFB1-4327-A2E2-78973F4CEFEC}.Debug|x64.Build.0 = Debug|x64
		{50AD6021-AFB1-4327-A2E2-78973F4CEFEC}.Release|ARM.ActiveCfg = Release|ARM
		{50AD6021-AFB1-4327-A2E2-78973F4CEFEC}.Release|ARM.Build.0 = Release|ARM
		{50AD6021-AFB1-4327-A2E2-78973F4CEFEC}.Release|ARM64.ActiveCfg = Release|ARM64
		{50AD6021-AFB1-4327-A2E2-78973F4CEFEC}.Release|ARM64.Build.0 = Release|ARM64
		{50AD6021-AFB1-4327-A2E2-78973F4CEFEC}.Release|Win32.ActiveCfg = Release|Win32
		{50AD6021-AFB1-4327-A2E2-78973F4CEFEC}.Release|Win32.Build.0 = Release|Win32
		{50AD6021-AFB1-4327-A2E2-78973F4CEFEC}.Release|x64.ActiveCfg = Release|x64
		{50AD6021-AFB1-4327-A2E2-78973F4CEFEC}.Release|x64.Build.0 = Release|x64
		{5476CD81-DB5F-450B-9F2D-BE687FFC819C}.Debug|ARM.ActiveCfg = Debug|ARM
		{5476CD81-DB5F-450B-9F2D-BE687FFC819C}.Debug|ARM.Build.0 = Debug|ARM
		{5476CD81-DB5F-450B-9F2D-BE687FFC819C}.Debug|ARM64.ActiveCfg = Debug|ARM64
		{5476CD81-DB5F-450B-9F2D-BE687FFC819C}.Debug|ARM64.Build.0 = Debug|ARM64
		{5476CD81-DB5F-450B-9F2D-BE687FFC819C}.Debug|Win32.ActiveCfg = Debug|Win32
		{5476CD81-DB5F-450B-9F2D-BE687FFC819C}.Debug|Win32.Build.0 = Debug|Win32
		{5476CD81-DB5F-450B-9F2D-BE687FFC819C}.Debug|x64.ActiveCfg = Debug|x64
		{5476CD81-DB5F-450B-9F2D-BE687FFC819C}.Debug|x64.Build.0 = Debug|x64
		{5476CD81-DB5F-450B-9F2D-BE687FFC819C}.Release|ARM.ActiveCfg = Release|ARM
		{5476CD81-DB5F-450B-9F2D-BE687FFC819C}.Release|ARM.Build.0 = Release|ARM
		{5476CD81-DB5F-450B-9F2D-BE687FFC819C}.Release|ARM64.ActiveCfg = Release|ARM64
		{5476CD81-DB5F-450B-9F2D-BE687FFC819C}.Release|ARM64.Build.0 = Release|ARM64
		{5476CD81-DB5F-450B-9F2D-BE687FFC819C}.Release|Win32.ActiveCfg = Release|Win32
		{5476CD81-DB5F-450B-9F2D-BE687FFC819C}.Release|Win32.Build.0 = Release|Win32
		{5476CD81-DB5F-450B-9F2D-BE687FFC819C}.Release|x64.ActiveCfg = Release|x64
		{5476CD81-DB5F-450B-9F2D-BE687FFC819C}.Release|x64.Build.0 = Release|x64
	EndGlobalSection
	GlobalSection(SolutionProperties) = preSolution
		HideSolutionNode = FALSE
	EndGlobalSection
	GlobalSection(NestedProjects) = preSolution
		{8AC701D7-F07A-442A-9CDA-EC412F4D9307} = {81EBD6F4-C986-43D8-874A-C1BBBC2224F4}
		{17CBD60F-E890-4473-940B-5ABFB2190192} = {9BE3A875-6F37-4A5B-A13B-6E1201E82103}
		{81EBD6F4-C986-43D8-874A-C1BBBC2224F4} = {BA0F8A48-712A-44A5-8FDB-06E2E8F5A8DE}
		{EC34C39F-7EF4-4A1E-A7A7-80524C5F7352} = {BA0F8A48-712A-44A5-8FDB-06E2E8F5A8DE}
		{5DE0FA47-6A23-487B-ACFB-D8834D1D2409} = {BEF09F9B-3542-4570-A12D-F5B38B508B76}
		{BEF09F9B-3542-4570-A12D-F5B38B508B76} = {EC34C39F-7EF4-4A1E-A7A7-80524C5F7352}
		{4B458F04-9F97-4FB8-BA03-61D16AE0ED4B} = {EC34C39F-7EF4-4A1E-A7A7-80524C5F7352}
		{FAE28B96-9696-4B74-90B6-40B152C8CDCC} = {4B458F04-9F97-4FB8-BA03-61D16AE0ED4B}
		{EE1D1D16-0D82-46F2-8705-CA7F7FA847B0} = {4B458F04-9F97-4FB8-BA03-61D16AE0ED4B}
		{89E9B32E-A86A-47C3-A948-D2B1622925CE} = {FAE28B96-9696-4B74-90B6-40B152C8CDCC}
		{341226AF-8FFF-401F-9002-63CBA6132BEA} = {FAE28B96-9696-4B74-90B6-40B152C8CDCC}
		{29B4D11F-59F3-4EBC-A769-3BABD140DB9A} = {FAE28B96-9696-4B74-90B6-40B152C8CDCC}
		{76436A44-C83D-4E1C-8F8A-2A923D3A272E} = {FAE28B96-9696-4B74-90B6-40B152C8CDCC}
		{DAA94C42-E373-4715-A025-C9636ACCDE59} = {76436A44-C83D-4E1C-8F8A-2A923D3A272E}
		{2E908AD5-95E9-4B2D-BD6E-BA3EA4C1A2EE} = {DAA94C42-E373-4715-A025-C9636ACCDE59}
		{5FBDC49A-7939-40F9-B78E-975F190ADBD3} = {DAA94C42-E373-4715-A025-C9636ACCDE59}
		{1EB035A3-815A-4382-90D3-4510AB605AD9} = {DAA94C42-E373-4715-A025-C9636ACCDE59}
		{ACEA4101-6F4A-44ED-9EC1-289821DAC711} = {DAA94C42-E373-4715-A025-C9636ACCDE59}
		{18665277-E558-4484-93F4-E4DC7BB614CB} = {FAE28B96-9696-4B74-90B6-40B152C8CDCC}
		{A1AEC515-A1F7-41F5-8B41-BBD551C6FBEB} = {76436A44-C83D-4E1C-8F8A-2A923D3A272E}
		{B14F8B7F-C9FF-4FD3-B328-7C68AB801E85} = {A1AEC515-A1F7-41F5-8B41-BBD551C6FBEB}
		{6B6C1F59-6A82-4097-8907-04DF5C95D014} = {A1AEC515-A1F7-41F5-8B41-BBD551C6FBEB}
		{70EF3B8F-6AAF-401B-9818-3371E950E73C} = {A1AEC515-A1F7-41F5-8B41-BBD551C6FBEB}
		{3B8321DF-B538-4009-A4A2-D76AB4E7E8F1} = {FAE28B96-9696-4B74-90B6-40B152C8CDCC}
		{90CA40DC-84B4-4D06-91D1-DC82A7A1E4D0} = {FAE28B96-9696-4B74-90B6-40B152C8CDCC}
		{20455994-D4CA-46D6-8D75-BA3ECEE192CB} = {76436A44-C83D-4E1C-8F8A-2A923D3A272E}
		{1264471F-847F-427D-8DB6-B733F188FFB9} = {20455994-D4CA-46D6-8D75-BA3ECEE192CB}
		{18E2ED5C-BB4D-4668-9C38-4950840E7C51} = {D4931B02-3438-4712-A794-906872774441}
		{53FFAB64-62E1-4EAC-B9D9-94319A52388B} = {D4931B02-3438-4712-A794-906872774441}
		{DDBD16F6-999D-4A57-A634-24CF2041F1A9} = {D4931B02-3438-4712-A794-906872774441}
		{25FDEC52-1E76-44EB-9EA1-2815E3F078C1} = {D4931B02-3438-4712-A794-906872774441}
		{C71EDA15-104A-425F-9BAA-52C55F0E420F} = {D4931B02-3438-4712-A794-906872774441}
		{9F8EDBEB-55C5-4DD5-890B-9A5E9D084DFE} = {D4931B02-3438-4712-A794-906872774441}
		{6B6FA6F8-1C5C-45E8-8520-45580A8F4309} = {D4931B02-3438-4712-A794-906872774441}
		{CDF9B29E-9CC8-4541-8608-D55537E59851} = {D4931B02-3438-4712-A794-906872774441}
		{4300D238-7637-4BC4-925F-6D55072D9E24} = {D4931B02-3438-4712-A794-906872774441}
		{AE54F504-EB7F-4450-9794-4F107F5A70A0} = {D4931B02-3438-4712-A794-906872774441}
		{B030CF84-47CA-4A0A-85E7-141C8C08C962} = {D4931B02-3438-4712-A794-906872774441}
		{DDB5C628-FC2C-4411-AB99-5EF948A760A1} = {D4931B02-3438-4712-A794-906872774441}
		{6A449D8A-BCAC-4F3B-8328-F95B87FF9C08} = {D4931B02-3438-4712-A794-906872774441}
		{820CB7BA-FAD0-40FF-A64B-B73D1F3B8E43} = {D4931B02-3438-4712-A794-906872774441}
		{7E9181C5-D8B7-44FD-B9A0-58000B0D4E6E} = {D4931B02-3438-4712-A794-906872774441}
		{E35F7BE8-AEC9-42A9-9CC0-10F069C6D4F2} = {D4931B02-3438-4712-A794-906872774441}
		{39137E36-FBA8-417A-9EF5-3BD1C3351D25} = {D4931B02-3438-4712-A794-906872774441}
		{C3B54FF5-5DE3-4D05-B55E-86D0E097D8B3} = {D4931B02-3438-4712-A794-906872774441}
		{BCC2C781-C55E-488F-BDA3-9A4E4F4A73FF} = {CC58FD8C-4498-421A-B57D-201B59855CC5}
		{D4931B02-3438-4712-A794-906872774441} = {EE1D1D16-0D82-46F2-8705-CA7F7FA847B0}
		{59670036-7F5A-4814-862A-795EF0C808EC} = {D4931B02-3438-4712-A794-906872774441}
		{65686BDB-BBCF-47DE-B1C1-B979F26295E6} = {CC58FD8C-4498-421A-B57D-201B59855CC5}
		{CB45C553-5DDB-4EB5-BF1A-D9EC71847E0D} = {D4931B02-3438-4712-A794-906872774441}
		{0EE9ED52-FD17-4E40-9BB2-E6ADC257DA49} = {CC58FD8C-4498-421A-B57D-201B59855CC5}
		{4C15363E-47AF-4324-B148-E7816947E81A} = {D4931B02-3438-4712-A794-906872774441}
		{CA3803D3-3FBB-4075-9754-603FF3EAE4E1} = {CC58FD8C-4498-421A-B57D-201B59855CC5}
		{CC6C88E5-5802-4E41-9A48-BE2070E099E2} = {CC58FD8C-4498-421A-B57D-201B59855CC5}
		{543C6495-68AE-4B09-99BD-EA4DC6BE67AB} = {D4931B02-3438-4712-A794-906872774441}
		{65B74332-426F-4F63-9CA6-39E6473CF51F} = {D4931B02-3438-4712-A794-906872774441}
		{6685A4AD-946F-4FBA-9D31-01FE8B171515} = {CC58FD8C-4498-421A-B57D-201B59855CC5}
		{4A247C79-2223-4316-8F5E-BAD96FFFD190} = {D4931B02-3438-4712-A794-906872774441}
		{9F001C17-A46F-4A91-B31E-B2155211E533} = {CC58FD8C-4498-421A-B57D-201B59855CC5}
		{50AD6021-AFB1-4327-A2E2-78973F4CEFEC} = {2D725631-43C0-4416-94B3-4605D708C1A1}
		{CC58FD8C-4498-421A-B57D-201B59855CC5} = {4A247C79-2223-4316-8F5E-BAD96FFFD190}
		{2D725631-43C0-4416-94B3-4605D708C1A1} = {4A247C79-2223-4316-8F5E-BAD96FFFD190}
		{5476CD81-DB5F-450B-9F2D-BE687FFC819C} = {D4931B02-3438-4712-A794-906872774441}
	EndGlobalSection
	GlobalSection(ExtensibilityGlobals) = postSolution
		SolutionGuid = {5B9CD3CE-15F2-4EF5-AC79-78E517940F07}
	EndGlobalSection
EndGlobal
